
Microsoft Visual Studio Solution File, Format Version 12.00
# Visual Studio Version 17
VisualStudioVersion = 17.10.0.0
MinimumVisualStudioVersion = 10.0.40219.1
Project("{9A19103F-16F7-4668-BE54-9A1E7A4F7556}") = "Illumin360.SharedKernel", "BuildingBlocks/SharedKernel/Illumin360.SharedKernel.csproj", "{10ECFE51-85FD-4225-A5AB-076A459D572C}"
EndProject
Project("{9A19103F-16F7-4668-BE54-9A1E7A4F7556}") = "Illumin360.Observability", "BuildingBlocks/Observability/Illumin360.Observability.csproj", "{CA637FB0-BAD8-4891-8BD9-7371246A11EF}"
EndProject
Project("{9A19103F-16F7-4668-BE54-9A1E7A4F7556}") = "Illumin360.Web", "BuildingBlocks/Web/Illumin360.Web.csproj", "{2F50B033-785F-4F47-AA36-C5C4BDE2C39E}"
EndProject
Project("{9A19103F-16F7-4668-BE54-9A1E7A4F7556}") = "Illumin360.Gateway", "Gateway/Illumin360.Gateway.csproj", "{D6B02E43-3401-4D60-856E-C35EECE6014D}"
EndProject
Project("{9A19103F-16F7-4668-BE54-9A1E7A4F7556}") = "Illumin360.Candidates.Domain", "Services/Candidates/Illumin360.Candidates.Domain/Illumin360.Candidates.Domain.csproj", "{C28993B0-3889-43B4-9695-CDC16BB5CBAC}"
EndProject
Project("{9A19103F-16F7-4668-BE54-9A1E7A4F7556}") = "Illumin360.Candidates.Application", "Services/Candidates/Illumin360.Candidates.Application/Illumin360.Candidates.Application.csproj", "{B9D8BBFC-8BF1-4CDE-B731-E9CE07C9D5BF}"
EndProject
Project("{9A19103F-16F7-4668-BE54-9A1E7A4F7556}") = "Illumin360.Candidates.Infrastructure", "Services/Candidates/Illumin360.Candidates.Infrastructure/Illumin360.Candidates.Infrastructure.csproj", "{38602C94-1EF1-4708-BADA-1DDC1E02702A}"
EndProject
Project("{9A19103F-16F7-4668-BE54-9A1E7A4F7556}") = "Illumin360.Candidates.Api", "Services/Candidates/Illumin360.Candidates.Api/Illumin360.Candidates.Api.csproj", "{AFC8EEFB-FC83-4E3C-BC11-10FCAF0620A7}"
EndProject
Project("{9A19103F-16F7-4668-BE54-9A1E7A4F7556}") = "Illumin360.Candidates.UnitTests", "Services/Candidates/tests/Illumin360.Candidates.UnitTests/Illumin360.Candidates.UnitTests.csproj", "{3B7F5A16-597D-4FA3-A5E7-5CCB43EA9E2E}"
EndProject
Project("{9A19103F-16F7-4668-BE54-9A1E7A4F7556}") = "Illumin360.Candidates.IntegrationTests", "Services/Candidates/tests/Illumin360.Candidates.IntegrationTests/Illumin360.Candidates.IntegrationTests.csproj", "{09C2A77C-940E-4265-8231-4B47272453E6}"
EndProject
Project("{9A19103F-16F7-4668-BE54-9A1E7A4F7556}") = "Illumin360.Candidates.ContractTests", "Services/Candidates/tests/Illumin360.Candidates.ContractTests/Illumin360.Candidates.ContractTests.csproj", "{5E087190-F2DA-4E8C-9332-7CBD67536836}"
EndProject
Project("{9A19103F-16F7-4668-BE54-9A1E7A4F7556}") = "Illumin360.Business.Bff", "BFF/Illumin360.Business.Bff/Illumin360.Business.Bff.csproj", "{C1800A2C-BC23-4BBA-B8EA-53B645AC0688}"
EndProject
Project("{9A19103F-16F7-4668-BE54-9A1E7A4F7556}") = "Illumin360.Candidates.Contracts", "Services/Candidates/Illumin360.Candidates.Contracts/Illumin360.Candidates.Contracts.csproj", "{C04A11AC-0001-4A01-9C01-0000000000C1}"
EndProject
Project("{9A19103F-16F7-4668-BE54-9A1E7A4F7556}") = "Illumin360.Notifications.Worker", "Services/Notifications/Illumin360.Notifications.Worker/Illumin360.Notifications.Worker.csproj", "{C04A11AC-0002-4A02-9C02-0000000000C2}"
EndProject
Project("{2150E333-8FDC-42A3-9474-1A3956D46DE8}") = "Notifications", "Notifications", "{C04A11AC-0003-4A03-9C03-0000000000C3}"
EndProject
Project("{2150E333-8FDC-42A3-9474-1A3956D46DE8}") = "BFF", "BFF", "{C8B24BD2-4C6E-424F-BB5A-FC164E92A1D7}"
EndProject
Project("{2150E333-8FDC-42A3-9474-1A3956D46DE8}") = "BuildingBlocks", "BuildingBlocks", "{B77C826C-BC5F-4B47-8899-A44889785D0B}"
EndProject
Project("{2150E333-8FDC-42A3-9474-1A3956D46DE8}") = "Services", "Services", "{A6B7E5F8-5C09-4380-9BE5-4C255422716D}"
EndProject
Project("{2150E333-8FDC-42A3-9474-1A3956D46DE8}") = "Candidates", "Candidates", "{245AEE66-020D-483A-9C02-5F524769B97B}"
EndProject
Project("{2150E333-8FDC-42A3-9474-1A3956D46DE8}") = "tests", "tests", "{3FBAD0EF-D247-4251-BD60-EEA6A38CBD89}"
EndProject
Project("{2150E333-8FDC-42A3-9474-1A3956D46DE8}") = "Recruitment", "Recruitment", "{9E2FB47E-26EC-8624-FF13-F0881FC2FE3C}"
EndProject
Project("{FAE04EC0-301F-11D3-BF4B-00C04F79EFBC}") = "Illumin360.Recruitment.Domain", "Services\Recruitment\Illumin360.Recruitment.Domain\Illumin360.Recruitment.Domain.csproj", "{B91DF5A0-E977-4BCF-9EDD-7B6932ABF18B}"
EndProject
Project("{2150E333-8FDC-42A3-9474-1A3956D46DE8}") = "SharedKernel", "SharedKernel", "{688FA0A3-5FD2-52A6-9588-117DBBAF7CBC}"
EndProject
Project("{FAE04EC0-301F-11D3-BF4B-00C04F79EFBC}") = "Illumin360.SharedKernel", "BuildingBlocks\SharedKernel\Illumin360.SharedKernel.csproj", "{380412A6-4260-4436-9EB5-E8C6025AA16E}"
EndProject
Project("{FAE04EC0-301F-11D3-BF4B-00C04F79EFBC}") = "Illumin360.Recruitment.Contracts", "Services\Recruitment\Illumin360.Recruitment.Contracts\Illumin360.Recruitment.Contracts.csproj", "{5005ABAB-B799-46E8-A7F8-F4C3D059D1E8}"
EndProject
Project("{FAE04EC0-301F-11D3-BF4B-00C04F79EFBC}") = "Illumin360.Recruitment.Application", "Services\Recruitment\Illumin360.Recruitment.Application\Illumin360.Recruitment.Application.csproj", "{4D89CEFD-6FB9-48BC-90D3-CCDAD17F1C53}"
EndProject
Project("{FAE04EC0-301F-11D3-BF4B-00C04F79EFBC}") = "Illumin360.Recruitment.Infrastructure", "Services\Recruitment\Illumin360.Recruitment.Infrastructure\Illumin360.Recruitment.Infrastructure.csproj", "{BC11C470-EACE-458D-9789-CBABC22BBBF1}"
EndProject
Project("{FAE04EC0-301F-11D3-BF4B-00C04F79EFBC}") = "Illumin360.Recruitment.Api", "Services\Recruitment\Illumin360.Recruitment.Api\Illumin360.Recruitment.Api.csproj", "{EF8992D6-D09C-4E90-8165-5290BB89979B}"
EndProject
Project("{2150E333-8FDC-42A3-9474-1A3956D46DE8}") = "Observability", "Observability", "{F2CE8842-EB88-2782-2365-55BE2D0DC163}"
EndProject
Project("{FAE04EC0-301F-11D3-BF4B-00C04F79EFBC}") = "Illumin360.Observability", "BuildingBlocks\Observability\Illumin360.Observability.csproj", "{9A84FC13-43AD-4852-AFDE-E6DB4C19E7ED}"
EndProject
Project("{2150E333-8FDC-42A3-9474-1A3956D46DE8}") = "Web", "Web", "{E249B015-2E6B-DCD0-C5B2-47361B88C2B1}"
EndProject
Project("{FAE04EC0-301F-11D3-BF4B-00C04F79EFBC}") = "Illumin360.Web", "BuildingBlocks\Web\Illumin360.Web.csproj", "{81269B35-C5D8-4C29-B9C2-638BF5C46850}"
EndProject
Project("{2150E333-8FDC-42A3-9474-1A3956D46DE8}") = "tests", "tests", "{C87A9C75-A332-D2D7-7F4F-26AE44D1B572}"
EndProject
Project("{FAE04EC0-301F-11D3-BF4B-00C04F79EFBC}") = "Illumin360.Recruitment.UnitTests", "Services\Recruitment\tests\Illumin360.Recruitment.UnitTests\Illumin360.Recruitment.UnitTests.csproj", "{521A82C8-2C80-42A7-BF83-8AED8C5AF63E}"
EndProject
Project("{FAE04EC0-301F-11D3-BF4B-00C04F79EFBC}") = "Illumin360.Bff.Business", "Bff\Illumin360.Bff.Business\Illumin360.Bff.Business.csproj", "{B5CFEBFE-5314-4A8A-A91C-D2F575D0C7BD}"
EndProject
Project("{2150E333-8FDC-42A3-9474-1A3956D46DE8}") = "Students", "Students", "{76D871E0-283A-4737-354D-38A062579225}"
EndProject
Project("{FAE04EC0-301F-11D3-BF4B-00C04F79EFBC}") = "Illumin360.Students.Domain", "Services\Students\Illumin360.Students.Domain\Illumin360.Students.Domain.csproj", "{3B8C280F-14AE-47B7-A2CE-15CD000264C5}"
EndProject
Project("{FAE04EC0-301F-11D3-BF4B-00C04F79EFBC}") = "Illumin360.Students.Contracts", "Services\Students\Illumin360.Students.Contracts\Illumin360.Students.Contracts.csproj", "{9D737CEA-6058-4953-BB00-28BFEEA934BE}"
EndProject
Project("{FAE04EC0-301F-11D3-BF4B-00C04F79EFBC}") = "Illumin360.Students.Application", "Services\Students\Illumin360.Students.Application\Illumin360.Students.Application.csproj", "{72D3E480-A4C3-402B-8093-4F0D30E8F62F}"
EndProject
Project("{FAE04EC0-301F-11D3-BF4B-00C04F79EFBC}") = "Illumin360.Students.Infrastructure", "Services\Students\Illumin360.Students.Infrastructure\Illumin360.Students.Infrastructure.csproj", "{C7DAD994-2D4A-444F-B43A-B50F35C7806D}"
EndProject
Project("{FAE04EC0-301F-11D3-BF4B-00C04F79EFBC}") = "Illumin360.Students.Api", "Services\Students\Illumin360.Students.Api\Illumin360.Students.Api.csproj", "{66A96486-3136-477D-BE68-1E72BC134454}"
EndProject
Project("{FAE04EC0-301F-11D3-BF4B-00C04F79EFBC}") = "Illumin360.Students.UnitTests", "Services\Students\tests\Illumin360.Students.UnitTests\Illumin360.Students.UnitTests.csproj", "{9C61489D-0A9F-4699-BBE0-6DABEB0A2DB4}"
EndProject
Project("{2150E333-8FDC-42A3-9474-1A3956D46DE8}") = "Professionals", "Professionals", "{001030D5-D6B5-5AEA-DA6C-D4A6D8BE5548}"
EndProject
Project("{FAE04EC0-301F-11D3-BF4B-00C04F79EFBC}") = "Illumin360.Professionals.Domain", "Services\Professionals\Illumin360.Professionals.Domain\Illumin360.Professionals.Domain.csproj", "{3D8B6225-5B80-4464-A53F-829B390D30E2}"
EndProject
Project("{FAE04EC0-301F-11D3-BF4B-00C04F79EFBC}") = "Illumin360.Professionals.Contracts", "Services\Professionals\Illumin360.Professionals.Contracts\Illumin360.Professionals.Contracts.csproj", "{1274A279-113C-4BCA-B590-5202F45DF399}"
EndProject
Project("{FAE04EC0-301F-11D3-BF4B-00C04F79EFBC}") = "Illumin360.Professionals.Application", "Services\Professionals\Illumin360.Professionals.Application\Illumin360.Professionals.Application.csproj", "{EE10DE84-97B6-4E3E-922C-1990E281FDF5}"
EndProject
Project("{FAE04EC0-301F-11D3-BF4B-00C04F79EFBC}") = "Illumin360.Professionals.Infrastructure", "Services\Professionals\Illumin360.Professionals.Infrastructure\Illumin360.Professionals.Infrastructure.csproj", "{1A9BB2BD-51BD-4DE5-961B-5DB452ED851E}"
EndProject
Project("{FAE04EC0-301F-11D3-BF4B-00C04F79EFBC}") = "Illumin360.Professionals.Api", "Services\Professionals\Illumin360.Professionals.Api\Illumin360.Professionals.Api.csproj", "{5A4EC860-9099-4A0D-8D46-FB01B7287646}"
EndProject
Project("{FAE04EC0-301F-11D3-BF4B-00C04F79EFBC}") = "Illumin360.Professionals.UnitTests", "Services\Professionals\tests\Illumin360.Professionals.UnitTests\Illumin360.Professionals.UnitTests.csproj", "{11978108-53C5-49CA-B277-98EBA2F37B79}"
EndProject
Project("{FAE04EC0-301F-11D3-BF4B-00C04F79EFBC}") = "Illumin360.Security", "BuildingBlocks\Security\Illumin360.Security.csproj", "{AAB44264-424F-4D43-872A-3AE54227FB44}"
EndProject
Project("{2150E333-8FDC-42A3-9474-1A3956D46DE8}") = "Admin", "Admin", "{08363F22-23A7-70B7-557A-C076A2D48378}"
EndProject
Project("{FAE04EC0-301F-11D3-BF4B-00C04F79EFBC}") = "Illumin360.Admin.Domain", "Services\Admin\Illumin360.Admin.Domain\Illumin360.Admin.Domain.csproj", "{1B41AE4F-19A0-4F0C-95C9-39442CBA0B2F}"
EndProject
Project("{FAE04EC0-301F-11D3-BF4B-00C04F79EFBC}") = "Illumin360.Admin.Contracts", "Services\Admin\Illumin360.Admin.Contracts\Illumin360.Admin.Contracts.csproj", "{5D56B05D-5559-4FDD-B42D-9A189C004ECC}"
EndProject
Project("{FAE04EC0-301F-11D3-BF4B-00C04F79EFBC}") = "Illumin360.Admin.Application", "Services\Admin\Illumin360.Admin.Application\Illumin360.Admin.Application.csproj", "{181DC372-1018-40E7-BD4A-276935A13746}"
EndProject
Project("{FAE04EC0-301F-11D3-BF4B-00C04F79EFBC}") = "Illumin360.Admin.Infrastructure", "Services\Admin\Illumin360.Admin.Infrastructure\Illumin360.Admin.Infrastructure.csproj", "{FC15956E-7EE0-438A-8108-88F3CCF9A7EB}"
EndProject
Project("{FAE04EC0-301F-11D3-BF4B-00C04F79EFBC}") = "Illumin360.Admin.Api", "Services\Admin\Illumin360.Admin.Api\Illumin360.Admin.Api.csproj", "{22C4BB06-5C3A-4974-8C88-DD5D15B7B1EB}"
EndProject
Project("{FAE04EC0-301F-11D3-BF4B-00C04F79EFBC}") = "Illumin360.Admin.UnitTests", "Services\Admin\tests\Illumin360.Admin.UnitTests\Illumin360.Admin.UnitTests.csproj", "{FE240037-813A-47D3-86FF-69C79208F4C8}"
EndProject
Project("{2150E333-8FDC-42A3-9474-1A3956D46DE8}") = "Professionals", "Professionals", "{D300D90F-6B67-DEC4-E217-DEB9D70596CE}"
EndProject
Project("{2150E333-8FDC-42A3-9474-1A3956D46DE8}") = "tests", "tests", "{F7EA77D3-F32D-0878-B62A-DD506E2BF6D0}"
EndProject
Project("{FAE04EC0-301F-11D3-BF4B-00C04F79EFBC}") = "Illumin360.Professionals.IntegrationTests", "Services\Professionals\tests\Illumin360.Professionals.IntegrationTests\Illumin360.Professionals.IntegrationTests.csproj", "{16959E5E-36CF-4451-8A1B-BB87770AF311}"
EndProject
Project("{2150E333-8FDC-42A3-9474-1A3956D46DE8}") = "TestSupport", "TestSupport", "{EAF07039-FF7F-8B92-28C7-91051BA8AA22}"
EndProject
Project("{FAE04EC0-301F-11D3-BF4B-00C04F79EFBC}") = "Illumin360.TestSupport", "BuildingBlocks\TestSupport\Illumin360.TestSupport.csproj", "{B0CD4DD3-0BEA-40BE-8BA1-9AD959B04C32}"
EndProject
Project("{2150E333-8FDC-42A3-9474-1A3956D46DE8}") = "Students", "Students", "{82370E8C-A84F-33D3-09D7-BB1645F5A7A6}"
EndProject
Project("{2150E333-8FDC-42A3-9474-1A3956D46DE8}") = "tests", "tests", "{737B9AF4-BDB9-4465-39B2-B6236AF319F8}"
EndProject
Project("{FAE04EC0-301F-11D3-BF4B-00C04F79EFBC}") = "Illumin360.Students.IntegrationTests", "Services\Students\tests\Illumin360.Students.IntegrationTests\Illumin360.Students.IntegrationTests.csproj", "{D34BA7BF-99A3-4085-A232-33D8C92B0603}"
EndProject
Project("{2150E333-8FDC-42A3-9474-1A3956D46DE8}") = "Storage", "Storage", "{9764A08C-0875-A86F-FFC8-2BA84D1BDAA1}"
EndProject
Project("{FAE04EC0-301F-11D3-BF4B-00C04F79EFBC}") = "Illumin360.Storage", "BuildingBlocks\Storage\Illumin360.Storage.csproj", "{417134D9-B65F-4F06-9FFE-4A194E323AF6}"
EndProject
Project("{2150E333-8FDC-42A3-9474-1A3956D46DE8}") = "Matching", "Matching", "{8C6FFAA0-C636-A722-C8B2-BD8EC67D2BA7}"
EndProject
Project("{FAE04EC0-301F-11D3-BF4B-00C04F79EFBC}") = "Illumin360.Matching", "BuildingBlocks\Matching\Illumin360.Matching.csproj", "{55FBCF32-EA54-4370-BDCC-B5AF7A00A301}"
EndProject
Project("{2150E333-8FDC-42A3-9474-1A3956D46DE8}") = "tests", "tests", "{850EE8C8-D084-3049-E869-F525E6845146}"
EndProject
Project("{FAE04EC0-301F-11D3-BF4B-00C04F79EFBC}") = "Illumin360.Matching.UnitTests", "BuildingBlocks\Matching\tests\Illumin360.Matching.UnitTests\Illumin360.Matching.UnitTests.csproj", "{25D79F17-5F1D-4682-95FB-D3E16A883FFF}"
EndProject
Project("{2150E333-8FDC-42A3-9474-1A3956D46DE8}") = "Resume", "Resume", "{9A13E4EC-C763-7EE2-9D5B-68E08DC05B10}"
EndProject
Project("{FAE04EC0-301F-11D3-BF4B-00C04F79EFBC}") = "Illumin360.Resume", "BuildingBlocks\Resume\Illumin360.Resume.csproj", "{D73CE166-7662-48A3-9A53-D7B613652E82}"
EndProject
Project("{2150E333-8FDC-42A3-9474-1A3956D46DE8}") = "tests", "tests", "{DEC87ABC-52EE-91B3-DC8F-D9094DA7277B}"
EndProject
Project("{FAE04EC0-301F-11D3-BF4B-00C04F79EFBC}") = "Illumin360.Resume.UnitTests", "BuildingBlocks\Resume\tests\Illumin360.Resume.UnitTests\Illumin360.Resume.UnitTests.csproj", "{7833E9A9-A0A1-4E00-ADCC-2BC320C86D28}"
EndProject
Project("{2150E333-8FDC-42A3-9474-1A3956D46DE8}") = "Email", "Email", "{6E120C41-7410-E77E-9FA9-7AE044BC7D1E}"
EndProject
Project("{FAE04EC0-301F-11D3-BF4B-00C04F79EFBC}") = "Illumin360.Email", "BuildingBlocks\Email\Illumin360.Email.csproj", "{568019A0-7EE5-4997-AE62-6A491E0439CD}"
EndProject
Project("{2150E333-8FDC-42A3-9474-1A3956D46DE8}") = "tests", "tests", "{7E49A164-D245-41A0-67D9-9CA0CC94ECBD}"
EndProject
Project("{FAE04EC0-301F-11D3-BF4B-00C04F79EFBC}") = "Illumin360.Email.UnitTests", "BuildingBlocks\Email\tests\Illumin360.Email.UnitTests\Illumin360.Email.UnitTests.csproj", "{4545AE6F-45BF-4F52-AC52-BD45B9A4A648}"
EndProject
Project("{FAE04EC0-301F-11D3-BF4B-00C04F79EFBC}") = "Illumin360.Email.IntegrationTests", "BuildingBlocks\Email\tests\Illumin360.Email.IntegrationTests\Illumin360.Email.IntegrationTests.csproj", "{F83A3CC4-869B-424B-9C3D-8CF22078D2FA}"
EndProject
Project("{2150E333-8FDC-42A3-9474-1A3956D46DE8}") = "Employers", "Employers", "{F253AEEF-8F73-6754-54EB-55E8F6609CF2}"
EndProject
Project("{FAE04EC0-301F-11D3-BF4B-00C04F79EFBC}") = "Illumin360.Employers.Domain", "Services\Employers\Illumin360.Employers.Domain\Illumin360.Employers.Domain.csproj", "{7EC25700-1752-48C1-B17C-3FEF759A3458}"
EndProject
Project("{FAE04EC0-301F-11D3-BF4B-00C04F79EFBC}") = "Illumin360.Employers.Application", "Services\Employers\Illumin360.Employers.Application\Illumin360.Employers.Application.csproj", "{FDBBB645-5CCD-4B84-A6BB-4CB7B78071C5}"
EndProject
Project("{FAE04EC0-301F-11D3-BF4B-00C04F79EFBC}") = "Illumin360.Employers.Infrastructure", "Services\Employers\Illumin360.Employers.Infrastructure\Illumin360.Employers.Infrastructure.csproj", "{4BFFAC91-1F35-4C50-83E0-73C5F8BDD401}"
EndProject
Project("{FAE04EC0-301F-11D3-BF4B-00C04F79EFBC}") = "Illumin360.Employers.Api", "Services\Employers\Illumin360.Employers.Api\Illumin360.Employers.Api.csproj", "{49D1571E-46BE-416D-A76C-724F5F9EC270}"
EndProject
Project("{2150E333-8FDC-42A3-9474-1A3956D46DE8}") = "Security", "Security", "{836C3BD1-A250-F3EC-2017-76416DFFA20F}"
EndProject
Project("{2150E333-8FDC-42A3-9474-1A3956D46DE8}") = "tests", "tests", "{30AA7934-C448-D8CA-ED67-06DC3D075FFF}"
EndProject
Project("{FAE04EC0-301F-11D3-BF4B-00C04F79EFBC}") = "Illumin360.Employers.UnitTests", "Services\Employers\tests\Illumin360.Employers.UnitTests\Illumin360.Employers.UnitTests.csproj", "{DB587681-2C79-44D0-ACEB-E93F79A3EE70}"
EndProject
Project("{FAE04EC0-301F-11D3-BF4B-00C04F79EFBC}") = "Illumin360.Employers.IntegrationTests", "Services\Employers\tests\Illumin360.Employers.IntegrationTests\Illumin360.Employers.IntegrationTests.csproj", "{C9F6394A-E108-4293-849F-8B1655F1D8D8}"
EndProject
Global
	GlobalSection(SolutionConfigurationPlatforms) = preSolution
		Debug|Any CPU = Debug|Any CPU
		Debug|x64 = Debug|x64
		Debug|x86 = Debug|x86
		Release|Any CPU = Release|Any CPU
		Release|x64 = Release|x64
		Release|x86 = Release|x86
	EndGlobalSection
	GlobalSection(ProjectConfigurationPlatforms) = postSolution
		{10ECFE51-85FD-4225-A5AB-076A459D572C}.Debug|Any CPU.ActiveCfg = Debug|Any CPU
		{10ECFE51-85FD-4225-A5AB-076A459D572C}.Debug|Any CPU.Build.0 = Debug|Any CPU
		{10ECFE51-85FD-4225-A5AB-076A459D572C}.Debug|x64.ActiveCfg = Debug|Any CPU
		{10ECFE51-85FD-4225-A5AB-076A459D572C}.Debug|x64.Build.0 = Debug|Any CPU
		{10ECFE51-85FD-4225-A5AB-076A459D572C}.Debug|x86.ActiveCfg = Debug|Any CPU
		{10ECFE51-85FD-4225-A5AB-076A459D572C}.Debug|x86.Build.0 = Debug|Any CPU
		{10ECFE51-85FD-4225-A5AB-076A459D572C}.Release|Any CPU.ActiveCfg = Release|Any CPU
		{10ECFE51-85FD-4225-A5AB-076A459D572C}.Release|Any CPU.Build.0 = Release|Any CPU
		{10ECFE51-85FD-4225-A5AB-076A459D572C}.Release|x64.ActiveCfg = Release|Any CPU
		{10ECFE51-85FD-4225-A5AB-076A459D572C}.Release|x64.Build.0 = Release|Any CPU
		{10ECFE51-85FD-4225-A5AB-076A459D572C}.Release|x86.ActiveCfg = Release|Any CPU
		{10ECFE51-85FD-4225-A5AB-076A459D572C}.Release|x86.Build.0 = Release|Any CPU
		{CA637FB0-BAD8-4891-8BD9-7371246A11EF}.Debug|Any CPU.ActiveCfg = Debug|Any CPU
		{CA637FB0-BAD8-4891-8BD9-7371246A11EF}.Debug|Any CPU.Build.0 = Debug|Any CPU
		{CA637FB0-BAD8-4891-8BD9-7371246A11EF}.Debug|x64.ActiveCfg = Debug|Any CPU
		{CA637FB0-BAD8-4891-8BD9-7371246A11EF}.Debug|x64.Build.0 = Debug|Any CPU
		{CA637FB0-BAD8-4891-8BD9-7371246A11EF}.Debug|x86.ActiveCfg = Debug|Any CPU
		{CA637FB0-BAD8-4891-8BD9-7371246A11EF}.Debug|x86.Build.0 = Debug|Any CPU
		{CA637FB0-BAD8-4891-8BD9-7371246A11EF}.Release|Any CPU.ActiveCfg = Release|Any CPU
		{CA637FB0-BAD8-4891-8BD9-7371246A11EF}.Release|Any CPU.Build.0 = Release|Any CPU
		{CA637FB0-BAD8-4891-8BD9-7371246A11EF}.Release|x64.ActiveCfg = Release|Any CPU
		{CA637FB0-BAD8-4891-8BD9-7371246A11EF}.Release|x64.Build.0 = Release|Any CPU
		{CA637FB0-BAD8-4891-8BD9-7371246A11EF}.Release|x86.ActiveCfg = Release|Any CPU
		{CA637FB0-BAD8-4891-8BD9-7371246A11EF}.Release|x86.Build.0 = Release|Any CPU
		{2F50B033-785F-4F47-AA36-C5C4BDE2C39E}.Debug|Any CPU.ActiveCfg = Debug|Any CPU
		{2F50B033-785F-4F47-AA36-C5C4BDE2C39E}.Debug|Any CPU.Build.0 = Debug|Any CPU
		{2F50B033-785F-4F47-AA36-C5C4BDE2C39E}.Debug|x64.ActiveCfg = Debug|Any CPU
		{2F50B033-785F-4F47-AA36-C5C4BDE2C39E}.Debug|x64.Build.0 = Debug|Any CPU
		{2F50B033-785F-4F47-AA36-C5C4BDE2C39E}.Debug|x86.ActiveCfg = Debug|Any CPU
		{2F50B033-785F-4F47-AA36-C5C4BDE2C39E}.Debug|x86.Build.0 = Debug|Any CPU
		{2F50B033-785F-4F47-AA36-C5C4BDE2C39E}.Release|Any CPU.ActiveCfg = Release|Any CPU
		{2F50B033-785F-4F47-AA36-C5C4BDE2C39E}.Release|Any CPU.Build.0 = Release|Any CPU
		{2F50B033-785F-4F47-AA36-C5C4BDE2C39E}.Release|x64.ActiveCfg = Release|Any CPU
		{2F50B033-785F-4F47-AA36-C5C4BDE2C39E}.Release|x64.Build.0 = Release|Any CPU
		{2F50B033-785F-4F47-AA36-C5C4BDE2C39E}.Release|x86.ActiveCfg = Release|Any CPU
		{2F50B033-785F-4F47-AA36-C5C4BDE2C39E}.Release|x86.Build.0 = Release|Any CPU
		{D6B02E43-3401-4D60-856E-C35EECE6014D}.Debug|Any CPU.ActiveCfg = Debug|Any CPU
		{D6B02E43-3401-4D60-856E-C35EECE6014D}.Debug|Any CPU.Build.0 = Debug|Any CPU
		{D6B02E43-3401-4D60-856E-C35EECE6014D}.Debug|x64.ActiveCfg = Debug|Any CPU
		{D6B02E43-3401-4D60-856E-C35EECE6014D}.Debug|x64.Build.0 = Debug|Any CPU
		{D6B02E43-3401-4D60-856E-C35EECE6014D}.Debug|x86.ActiveCfg = Debug|Any CPU
		{D6B02E43-3401-4D60-856E-C35EECE6014D}.Debug|x86.Build.0 = Debug|Any CPU
		{D6B02E43-3401-4D60-856E-C35EECE6014D}.Release|Any CPU.ActiveCfg = Release|Any CPU
		{D6B02E43-3401-4D60-856E-C35EECE6014D}.Release|Any CPU.Build.0 = Release|Any CPU
		{D6B02E43-3401-4D60-856E-C35EECE6014D}.Release|x64.ActiveCfg = Release|Any CPU
		{D6B02E43-3401-4D60-856E-C35EECE6014D}.Release|x64.Build.0 = Release|Any CPU
		{D6B02E43-3401-4D60-856E-C35EECE6014D}.Release|x86.ActiveCfg = Release|Any CPU
		{D6B02E43-3401-4D60-856E-C35EECE6014D}.Release|x86.Build.0 = Release|Any CPU
		{C28993B0-3889-43B4-9695-CDC16BB5CBAC}.Debug|Any CPU.ActiveCfg = Debug|Any CPU
		{C28993B0-3889-43B4-9695-CDC16BB5CBAC}.Debug|Any CPU.Build.0 = Debug|Any CPU
		{C28993B0-3889-43B4-9695-CDC16BB5CBAC}.Debug|x64.ActiveCfg = Debug|Any CPU
		{C28993B0-3889-43B4-9695-CDC16BB5CBAC}.Debug|x64.Build.0 = Debug|Any CPU
		{C28993B0-3889-43B4-9695-CDC16BB5CBAC}.Debug|x86.ActiveCfg = Debug|Any CPU
		{C28993B0-3889-43B4-9695-CDC16BB5CBAC}.Debug|x86.Build.0 = Debug|Any CPU
		{C28993B0-3889-43B4-9695-CDC16BB5CBAC}.Release|Any CPU.ActiveCfg = Release|Any CPU
		{C28993B0-3889-43B4-9695-CDC16BB5CBAC}.Release|Any CPU.Build.0 = Release|Any CPU
		{C28993B0-3889-43B4-9695-CDC16BB5CBAC}.Release|x64.ActiveCfg = Release|Any CPU
		{C28993B0-3889-43B4-9695-CDC16BB5CBAC}.Release|x64.Build.0 = Release|Any CPU
		{C28993B0-3889-43B4-9695-CDC16BB5CBAC}.Release|x86.ActiveCfg = Release|Any CPU
		{C28993B0-3889-43B4-9695-CDC16BB5CBAC}.Release|x86.Build.0 = Release|Any CPU
		{B9D8BBFC-8BF1-4CDE-B731-E9CE07C9D5BF}.Debug|Any CPU.ActiveCfg = Debug|Any CPU
		{B9D8BBFC-8BF1-4CDE-B731-E9CE07C9D5BF}.Debug|Any CPU.Build.0 = Debug|Any CPU
		{B9D8BBFC-8BF1-4CDE-B731-E9CE07C9D5BF}.Debug|x64.ActiveCfg = Debug|Any CPU
		{B9D8BBFC-8BF1-4CDE-B731-E9CE07C9D5BF}.Debug|x64.Build.0 = Debug|Any CPU
		{B9D8BBFC-8BF1-4CDE-B731-E9CE07C9D5BF}.Debug|x86.ActiveCfg = Debug|Any CPU
		{B9D8BBFC-8BF1-4CDE-B731-E9CE07C9D5BF}.Debug|x86.Build.0 = Debug|Any CPU
		{B9D8BBFC-8BF1-4CDE-B731-E9CE07C9D5BF}.Release|Any CPU.ActiveCfg = Release|Any CPU
		{B9D8BBFC-8BF1-4CDE-B731-E9CE07C9D5BF}.Release|Any CPU.Build.0 = Release|Any CPU
		{B9D8BBFC-8BF1-4CDE-B731-E9CE07C9D5BF}.Release|x64.ActiveCfg = Release|Any CPU
		{B9D8BBFC-8BF1-4CDE-B731-E9CE07C9D5BF}.Release|x64.Build.0 = Release|Any CPU
		{B9D8BBFC-8BF1-4CDE-B731-E9CE07C9D5BF}.Release|x86.ActiveCfg = Release|Any CPU
		{B9D8BBFC-8BF1-4CDE-B731-E9CE07C9D5BF}.Release|x86.Build.0 = Release|Any CPU
		{38602C94-1EF1-4708-BADA-1DDC1E02702A}.Debug|Any CPU.ActiveCfg = Debug|Any CPU
		{38602C94-1EF1-4708-BADA-1DDC1E02702A}.Debug|Any CPU.Build.0 = Debug|Any CPU
		{38602C94-1EF1-4708-BADA-1DDC1E02702A}.Debug|x64.ActiveCfg = Debug|Any CPU
		{38602C94-1EF1-4708-BADA-1DDC1E02702A}.Debug|x64.Build.0 = Debug|Any CPU
		{38602C94-1EF1-4708-BADA-1DDC1E02702A}.Debug|x86.ActiveCfg = Debug|Any CPU
		{38602C94-1EF1-4708-BADA-1DDC1E02702A}.Debug|x86.Build.0 = Debug|Any CPU
		{38602C94-1EF1-4708-BADA-1DDC1E02702A}.Release|Any CPU.ActiveCfg = Release|Any CPU
		{38602C94-1EF1-4708-BADA-1DDC1E02702A}.Release|Any CPU.Build.0 = Release|Any CPU
		{38602C94-1EF1-4708-BADA-1DDC1E02702A}.Release|x64.ActiveCfg = Release|Any CPU
		{38602C94-1EF1-4708-BADA-1DDC1E02702A}.Release|x64.Build.0 = Release|Any CPU
		{38602C94-1EF1-4708-BADA-1DDC1E02702A}.Release|x86.ActiveCfg = Release|Any CPU
		{38602C94-1EF1-4708-BADA-1DDC1E02702A}.Release|x86.Build.0 = Release|Any CPU
		{AFC8EEFB-FC83-4E3C-BC11-10FCAF0620A7}.Debug|Any CPU.ActiveCfg = Debug|Any CPU
		{AFC8EEFB-FC83-4E3C-BC11-10FCAF0620A7}.Debug|Any CPU.Build.0 = Debug|Any CPU
		{AFC8EEFB-FC83-4E3C-BC11-10FCAF0620A7}.Debug|x64.ActiveCfg = Debug|Any CPU
		{AFC8EEFB-FC83-4E3C-BC11-10FCAF0620A7}.Debug|x64.Build.0 = Debug|Any CPU
		{AFC8EEFB-FC83-4E3C-BC11-10FCAF0620A7}.Debug|x86.ActiveCfg = Debug|Any CPU
		{AFC8EEFB-FC83-4E3C-BC11-10FCAF0620A7}.Debug|x86.Build.0 = Debug|Any CPU
		{AFC8EEFB-FC83-4E3C-BC11-10FCAF0620A7}.Release|Any CPU.ActiveCfg = Release|Any CPU
		{AFC8EEFB-FC83-4E3C-BC11-10FCAF0620A7}.Release|Any CPU.Build.0 = Release|Any CPU
		{AFC8EEFB-FC83-4E3C-BC11-10FCAF0620A7}.Release|x64.ActiveCfg = Release|Any CPU
		{AFC8EEFB-FC83-4E3C-BC11-10FCAF0620A7}.Release|x64.Build.0 = Release|Any CPU
		{AFC8EEFB-FC83-4E3C-BC11-10FCAF0620A7}.Release|x86.ActiveCfg = Release|Any CPU
		{AFC8EEFB-FC83-4E3C-BC11-10FCAF0620A7}.Release|x86.Build.0 = Release|Any CPU
		{3B7F5A16-597D-4FA3-A5E7-5CCB43EA9E2E}.Debug|Any CPU.ActiveCfg = Debug|Any CPU
		{3B7F5A16-597D-4FA3-A5E7-5CCB43EA9E2E}.Debug|Any CPU.Build.0 = Debug|Any CPU
		{3B7F5A16-597D-4FA3-A5E7-5CCB43EA9E2E}.Debug|x64.ActiveCfg = Debug|Any CPU
		{3B7F5A16-597D-4FA3-A5E7-5CCB43EA9E2E}.Debug|x64.Build.0 = Debug|Any CPU
		{3B7F5A16-597D-4FA3-A5E7-5CCB43EA9E2E}.Debug|x86.ActiveCfg = Debug|Any CPU
		{3B7F5A16-597D-4FA3-A5E7-5CCB43EA9E2E}.Debug|x86.Build.0 = Debug|Any CPU
		{3B7F5A16-597D-4FA3-A5E7-5CCB43EA9E2E}.Release|Any CPU.ActiveCfg = Release|Any CPU
		{3B7F5A16-597D-4FA3-A5E7-5CCB43EA9E2E}.Release|Any CPU.Build.0 = Release|Any CPU
		{3B7F5A16-597D-4FA3-A5E7-5CCB43EA9E2E}.Release|x64.ActiveCfg = Release|Any CPU
		{3B7F5A16-597D-4FA3-A5E7-5CCB43EA9E2E}.Release|x64.Build.0 = Release|Any CPU
		{3B7F5A16-597D-4FA3-A5E7-5CCB43EA9E2E}.Release|x86.ActiveCfg = Release|Any CPU
		{3B7F5A16-597D-4FA3-A5E7-5CCB43EA9E2E}.Release|x86.Build.0 = Release|Any CPU
		{09C2A77C-940E-4265-8231-4B47272453E6}.Debug|Any CPU.ActiveCfg = Debug|Any CPU
		{09C2A77C-940E-4265-8231-4B47272453E6}.Debug|Any CPU.Build.0 = Debug|Any CPU
		{09C2A77C-940E-4265-8231-4B47272453E6}.Debug|x64.ActiveCfg = Debug|Any CPU
		{09C2A77C-940E-4265-8231-4B47272453E6}.Debug|x64.Build.0 = Debug|Any CPU
		{09C2A77C-940E-4265-8231-4B47272453E6}.Debug|x86.ActiveCfg = Debug|Any CPU
		{09C2A77C-940E-4265-8231-4B47272453E6}.Debug|x86.Build.0 = Debug|Any CPU
		{09C2A77C-940E-4265-8231-4B47272453E6}.Release|Any CPU.ActiveCfg = Release|Any CPU
		{09C2A77C-940E-4265-8231-4B47272453E6}.Release|Any CPU.Build.0 = Release|Any CPU
		{09C2A77C-940E-4265-8231-4B47272453E6}.Release|x64.ActiveCfg = Release|Any CPU
		{09C2A77C-940E-4265-8231-4B47272453E6}.Release|x64.Build.0 = Release|Any CPU
		{09C2A77C-940E-4265-8231-4B47272453E6}.Release|x86.ActiveCfg = Release|Any CPU
		{09C2A77C-940E-4265-8231-4B47272453E6}.Release|x86.Build.0 = Release|Any CPU
		{5E087190-F2DA-4E8C-9332-7CBD67536836}.Debug|Any CPU.ActiveCfg = Debug|Any CPU
		{5E087190-F2DA-4E8C-9332-7CBD67536836}.Debug|Any CPU.Build.0 = Debug|Any CPU
		{5E087190-F2DA-4E8C-9332-7CBD67536836}.Debug|x64.ActiveCfg = Debug|Any CPU
		{5E087190-F2DA-4E8C-9332-7CBD67536836}.Debug|x64.Build.0 = Debug|Any CPU
		{5E087190-F2DA-4E8C-9332-7CBD67536836}.Debug|x86.ActiveCfg = Debug|Any CPU
		{5E087190-F2DA-4E8C-9332-7CBD67536836}.Debug|x86.Build.0 = Debug|Any CPU
		{5E087190-F2DA-4E8C-9332-7CBD67536836}.Release|Any CPU.ActiveCfg = Release|Any CPU
		{5E087190-F2DA-4E8C-9332-7CBD67536836}.Release|Any CPU.Build.0 = Release|Any CPU
		{5E087190-F2DA-4E8C-9332-7CBD67536836}.Release|x64.ActiveCfg = Release|Any CPU
		{5E087190-F2DA-4E8C-9332-7CBD67536836}.Release|x64.Build.0 = Release|Any CPU
		{5E087190-F2DA-4E8C-9332-7CBD67536836}.Release|x86.ActiveCfg = Release|Any CPU
		{5E087190-F2DA-4E8C-9332-7CBD67536836}.Release|x86.Build.0 = Release|Any CPU
		{C1800A2C-BC23-4BBA-B8EA-53B645AC0688}.Debug|Any CPU.ActiveCfg = Debug|Any CPU
		{C1800A2C-BC23-4BBA-B8EA-53B645AC0688}.Debug|Any CPU.Build.0 = Debug|Any CPU
		{C1800A2C-BC23-4BBA-B8EA-53B645AC0688}.Debug|x64.ActiveCfg = Debug|Any CPU
		{C1800A2C-BC23-4BBA-B8EA-53B645AC0688}.Debug|x64.Build.0 = Debug|Any CPU
		{C1800A2C-BC23-4BBA-B8EA-53B645AC0688}.Debug|x86.ActiveCfg = Debug|Any CPU
		{C1800A2C-BC23-4BBA-B8EA-53B645AC0688}.Debug|x86.Build.0 = Debug|Any CPU
		{C1800A2C-BC23-4BBA-B8EA-53B645AC0688}.Release|Any CPU.ActiveCfg = Release|Any CPU
		{C1800A2C-BC23-4BBA-B8EA-53B645AC0688}.Release|Any CPU.Build.0 = Release|Any CPU
		{C1800A2C-BC23-4BBA-B8EA-53B645AC0688}.Release|x64.ActiveCfg = Release|Any CPU
		{C1800A2C-BC23-4BBA-B8EA-53B645AC0688}.Release|x64.Build.0 = Release|Any CPU
		{C1800A2C-BC23-4BBA-B8EA-53B645AC0688}.Release|x86.ActiveCfg = Release|Any CPU
		{C1800A2C-BC23-4BBA-B8EA-53B645AC0688}.Release|x86.Build.0 = Release|Any CPU
		{C04A11AC-0001-4A01-9C01-0000000000C1}.Debug|Any CPU.ActiveCfg = Debug|Any CPU
		{C04A11AC-0001-4A01-9C01-0000000000C1}.Debug|Any CPU.Build.0 = Debug|Any CPU
		{C04A11AC-0001-4A01-9C01-0000000000C1}.Debug|x64.ActiveCfg = Debug|Any CPU
		{C04A11AC-0001-4A01-9C01-0000000000C1}.Debug|x64.Build.0 = Debug|Any CPU
		{C04A11AC-0001-4A01-9C01-0000000000C1}.Debug|x86.ActiveCfg = Debug|Any CPU
		{C04A11AC-0001-4A01-9C01-0000000000C1}.Debug|x86.Build.0 = Debug|Any CPU
		{C04A11AC-0001-4A01-9C01-0000000000C1}.Release|Any CPU.ActiveCfg = Release|Any CPU
		{C04A11AC-0001-4A01-9C01-0000000000C1}.Release|Any CPU.Build.0 = Release|Any CPU
		{C04A11AC-0001-4A01-9C01-0000000000C1}.Release|x64.ActiveCfg = Release|Any CPU
		{C04A11AC-0001-4A01-9C01-0000000000C1}.Release|x64.Build.0 = Release|Any CPU
		{C04A11AC-0001-4A01-9C01-0000000000C1}.Release|x86.ActiveCfg = Release|Any CPU
		{C04A11AC-0001-4A01-9C01-0000000000C1}.Release|x86.Build.0 = Release|Any CPU
		{C04A11AC-0002-4A02-9C02-0000000000C2}.Debug|Any CPU.ActiveCfg = Debug|Any CPU
		{C04A11AC-0002-4A02-9C02-0000000000C2}.Debug|Any CPU.Build.0 = Debug|Any CPU
		{C04A11AC-0002-4A02-9C02-0000000000C2}.Debug|x64.ActiveCfg = Debug|Any CPU
		{C04A11AC-0002-4A02-9C02-0000000000C2}.Debug|x64.Build.0 = Debug|Any CPU
		{C04A11AC-0002-4A02-9C02-0000000000C2}.Debug|x86.ActiveCfg = Debug|Any CPU
		{C04A11AC-0002-4A02-9C02-0000000000C2}.Debug|x86.Build.0 = Debug|Any CPU
		{C04A11AC-0002-4A02-9C02-0000000000C2}.Release|Any CPU.ActiveCfg = Release|Any CPU
		{C04A11AC-0002-4A02-9C02-0000000000C2}.Release|Any CPU.Build.0 = Release|Any CPU
		{C04A11AC-0002-4A02-9C02-0000000000C2}.Release|x64.ActiveCfg = Release|Any CPU
		{C04A11AC-0002-4A02-9C02-0000000000C2}.Release|x64.Build.0 = Release|Any CPU
		{C04A11AC-0002-4A02-9C02-0000000000C2}.Release|x86.ActiveCfg = Release|Any CPU
		{C04A11AC-0002-4A02-9C02-0000000000C2}.Release|x86.Build.0 = Release|Any CPU
		{B91DF5A0-E977-4BCF-9EDD-7B6932ABF18B}.Debug|Any CPU.ActiveCfg = Debug|Any CPU
		{B91DF5A0-E977-4BCF-9EDD-7B6932ABF18B}.Debug|Any CPU.Build.0 = Debug|Any CPU
		{B91DF5A0-E977-4BCF-9EDD-7B6932ABF18B}.Debug|x64.ActiveCfg = Debug|Any CPU
		{B91DF5A0-E977-4BCF-9EDD-7B6932ABF18B}.Debug|x64.Build.0 = Debug|Any CPU
		{B91DF5A0-E977-4BCF-9EDD-7B6932ABF18B}.Debug|x86.ActiveCfg = Debug|Any CPU
		{B91DF5A0-E977-4BCF-9EDD-7B6932ABF18B}.Debug|x86.Build.0 = Debug|Any CPU
		{B91DF5A0-E977-4BCF-9EDD-7B6932ABF18B}.Release|Any CPU.ActiveCfg = Release|Any CPU
		{B91DF5A0-E977-4BCF-9EDD-7B6932ABF18B}.Release|Any CPU.Build.0 = Release|Any CPU
		{B91DF5A0-E977-4BCF-9EDD-7B6932ABF18B}.Release|x64.ActiveCfg = Release|Any CPU
		{B91DF5A0-E977-4BCF-9EDD-7B6932ABF18B}.Release|x64.Build.0 = Release|Any CPU
		{B91DF5A0-E977-4BCF-9EDD-7B6932ABF18B}.Release|x86.ActiveCfg = Release|Any CPU
		{B91DF5A0-E977-4BCF-9EDD-7B6932ABF18B}.Release|x86.Build.0 = Release|Any CPU
		{380412A6-4260-4436-9EB5-E8C6025AA16E}.Debug|Any CPU.ActiveCfg = Debug|Any CPU
		{380412A6-4260-4436-9EB5-E8C6025AA16E}.Debug|Any CPU.Build.0 = Debug|Any CPU
		{380412A6-4260-4436-9EB5-E8C6025AA16E}.Debug|x64.ActiveCfg = Debug|Any CPU
		{380412A6-4260-4436-9EB5-E8C6025AA16E}.Debug|x64.Build.0 = Debug|Any CPU
		{380412A6-4260-4436-9EB5-E8C6025AA16E}.Debug|x86.ActiveCfg = Debug|Any CPU
		{380412A6-4260-4436-9EB5-E8C6025AA16E}.Debug|x86.Build.0 = Debug|Any CPU
		{380412A6-4260-4436-9EB5-E8C6025AA16E}.Release|Any CPU.ActiveCfg = Release|Any CPU
		{380412A6-4260-4436-9EB5-E8C6025AA16E}.Release|Any CPU.Build.0 = Release|Any CPU
		{380412A6-4260-4436-9EB5-E8C6025AA16E}.Release|x64.ActiveCfg = Release|Any CPU
		{380412A6-4260-4436-9EB5-E8C6025AA16E}.Release|x64.Build.0 = Release|Any CPU
		{380412A6-4260-4436-9EB5-E8C6025AA16E}.Release|x86.ActiveCfg = Release|Any CPU
		{380412A6-4260-4436-9EB5-E8C6025AA16E}.Release|x86.Build.0 = Release|Any CPU
		{5005ABAB-B799-46E8-A7F8-F4C3D059D1E8}.Debug|Any CPU.ActiveCfg = Debug|Any CPU
		{5005ABAB-B799-46E8-A7F8-F4C3D059D1E8}.Debug|Any CPU.Build.0 = Debug|Any CPU
		{5005ABAB-B799-46E8-A7F8-F4C3D059D1E8}.Debug|x64.ActiveCfg = Debug|Any CPU
		{5005ABAB-B799-46E8-A7F8-F4C3D059D1E8}.Debug|x64.Build.0 = Debug|Any CPU
		{5005ABAB-B799-46E8-A7F8-F4C3D059D1E8}.Debug|x86.ActiveCfg = Debug|Any CPU
		{5005ABAB-B799-46E8-A7F8-F4C3D059D1E8}.Debug|x86.Build.0 = Debug|Any CPU
		{5005ABAB-B799-46E8-A7F8-F4C3D059D1E8}.Release|Any CPU.ActiveCfg = Release|Any CPU
		{5005ABAB-B799-46E8-A7F8-F4C3D059D1E8}.Release|Any CPU.Build.0 = Release|Any CPU
		{5005ABAB-B799-46E8-A7F8-F4C3D059D1E8}.Release|x64.ActiveCfg = Release|Any CPU
		{5005ABAB-B799-46E8-A7F8-F4C3D059D1E8}.Release|x64.Build.0 = Release|Any CPU
		{5005ABAB-B799-46E8-A7F8-F4C3D059D1E8}.Release|x86.ActiveCfg = Release|Any CPU
		{5005ABAB-B799-46E8-A7F8-F4C3D059D1E8}.Release|x86.Build.0 = Release|Any CPU
		{4D89CEFD-6FB9-48BC-90D3-CCDAD17F1C53}.Debug|Any CPU.ActiveCfg = Debug|Any CPU
		{4D89CEFD-6FB9-48BC-90D3-CCDAD17F1C53}.Debug|Any CPU.Build.0 = Debug|Any CPU
		{4D89CEFD-6FB9-48BC-90D3-CCDAD17F1C53}.Debug|x64.ActiveCfg = Debug|Any CPU
		{4D89CEFD-6FB9-48BC-90D3-CCDAD17F1C53}.Debug|x64.Build.0 = Debug|Any CPU
		{4D89CEFD-6FB9-48BC-90D3-CCDAD17F1C53}.Debug|x86.ActiveCfg = Debug|Any CPU
		{4D89CEFD-6FB9-48BC-90D3-CCDAD17F1C53}.Debug|x86.Build.0 = Debug|Any CPU
		{4D89CEFD-6FB9-48BC-90D3-CCDAD17F1C53}.Release|Any CPU.ActiveCfg = Release|Any CPU
		{4D89CEFD-6FB9-48BC-90D3-CCDAD17F1C53}.Release|Any CPU.Build.0 = Release|Any CPU
		{4D89CEFD-6FB9-48BC-90D3-CCDAD17F1C53}.Release|x64.ActiveCfg = Release|Any CPU
		{4D89CEFD-6FB9-48BC-90D3-CCDAD17F1C53}.Release|x64.Build.0 = Release|Any CPU
		{4D89CEFD-6FB9-48BC-90D3-CCDAD17F1C53}.Release|x86.ActiveCfg = Release|Any CPU
		{4D89CEFD-6FB9-48BC-90D3-CCDAD17F1C53}.Release|x86.Build.0 = Release|Any CPU
		{BC11C470-EACE-458D-9789-CBABC22BBBF1}.Debug|Any CPU.ActiveCfg = Debug|Any CPU
		{BC11C470-EACE-458D-9789-CBABC22BBBF1}.Debug|Any CPU.Build.0 = Debug|Any CPU
		{BC11C470-EACE-458D-9789-CBABC22BBBF1}.Debug|x64.ActiveCfg = Debug|Any CPU
		{BC11C470-EACE-458D-9789-CBABC22BBBF1}.Debug|x64.Build.0 = Debug|Any CPU
		{BC11C470-EACE-458D-9789-CBABC22BBBF1}.Debug|x86.ActiveCfg = Debug|Any CPU
		{BC11C470-EACE-458D-9789-CBABC22BBBF1}.Debug|x86.Build.0 = Debug|Any CPU
		{BC11C470-EACE-458D-9789-CBABC22BBBF1}.Release|Any CPU.ActiveCfg = Release|Any CPU
		{BC11C470-EACE-458D-9789-CBABC22BBBF1}.Release|Any CPU.Build.0 = Release|Any CPU
		{BC11C470-EACE-458D-9789-CBABC22BBBF1}.Release|x64.ActiveCfg = Release|Any CPU
		{BC11C470-EACE-458D-9789-CBABC22BBBF1}.Release|x64.Build.0 = Release|Any CPU
		{BC11C470-EACE-458D-9789-CBABC22BBBF1}.Release|x86.ActiveCfg = Release|Any CPU
		{BC11C470-EACE-458D-9789-CBABC22BBBF1}.Release|x86.Build.0 = Release|Any CPU
		{EF8992D6-D09C-4E90-8165-5290BB89979B}.Debug|Any CPU.ActiveCfg = Debug|Any CPU
		{EF8992D6-D09C-4E90-8165-5290BB89979B}.Debug|Any CPU.Build.0 = Debug|Any CPU
		{EF8992D6-D09C-4E90-8165-5290BB89979B}.Debug|x64.ActiveCfg = Debug|Any CPU
		{EF8992D6-D09C-4E90-8165-5290BB89979B}.Debug|x64.Build.0 = Debug|Any CPU
		{EF8992D6-D09C-4E90-8165-5290BB89979B}.Debug|x86.ActiveCfg = Debug|Any CPU
		{EF8992D6-D09C-4E90-8165-5290BB89979B}.Debug|x86.Build.0 = Debug|Any CPU
		{EF8992D6-D09C-4E90-8165-5290BB89979B}.Release|Any CPU.ActiveCfg = Release|Any CPU
		{EF8992D6-D09C-4E90-8165-5290BB89979B}.Release|Any CPU.Build.0 = Release|Any CPU
		{EF8992D6-D09C-4E90-8165-5290BB89979B}.Release|x64.ActiveCfg = Release|Any CPU
		{EF8992D6-D09C-4E90-8165-5290BB89979B}.Release|x64.Build.0 = Release|Any CPU
		{EF8992D6-D09C-4E90-8165-5290BB89979B}.Release|x86.ActiveCfg = Release|Any CPU
		{EF8992D6-D09C-4E90-8165-5290BB89979B}.Release|x86.Build.0 = Release|Any CPU
		{9A84FC13-43AD-4852-AFDE-E6DB4C19E7ED}.Debug|Any CPU.ActiveCfg = Debug|Any CPU
		{9A84FC13-43AD-4852-AFDE-E6DB4C19E7ED}.Debug|Any CPU.Build.0 = Debug|Any CPU
		{9A84FC13-43AD-4852-AFDE-E6DB4C19E7ED}.Debug|x64.ActiveCfg = Debug|Any CPU
		{9A84FC13-43AD-4852-AFDE-E6DB4C19E7ED}.Debug|x64.Build.0 = Debug|Any CPU
		{9A84FC13-43AD-4852-AFDE-E6DB4C19E7ED}.Debug|x86.ActiveCfg = Debug|Any CPU
		{9A84FC13-43AD-4852-AFDE-E6DB4C19E7ED}.Debug|x86.Build.0 = Debug|Any CPU
		{9A84FC13-43AD-4852-AFDE-E6DB4C19E7ED}.Release|Any CPU.ActiveCfg = Release|Any CPU
		{9A84FC13-43AD-4852-AFDE-E6DB4C19E7ED}.Release|Any CPU.Build.0 = Release|Any CPU
		{9A84FC13-43AD-4852-AFDE-E6DB4C19E7ED}.Release|x64.ActiveCfg = Release|Any CPU
		{9A84FC13-43AD-4852-AFDE-E6DB4C19E7ED}.Release|x64.Build.0 = Release|Any CPU
		{9A84FC13-43AD-4852-AFDE-E6DB4C19E7ED}.Release|x86.ActiveCfg = Release|Any CPU
		{9A84FC13-43AD-4852-AFDE-E6DB4C19E7ED}.Release|x86.Build.0 = Release|Any CPU
		{81269B35-C5D8-4C29-B9C2-638BF5C46850}.Debug|Any CPU.ActiveCfg = Debug|Any CPU
		{81269B35-C5D8-4C29-B9C2-638BF5C46850}.Debug|Any CPU.Build.0 = Debug|Any CPU
		{81269B35-C5D8-4C29-B9C2-638BF5C46850}.Debug|x64.ActiveCfg = Debug|Any CPU
		{81269B35-C5D8-4C29-B9C2-638BF5C46850}.Debug|x64.Build.0 = Debug|Any CPU
		{81269B35-C5D8-4C29-B9C2-638BF5C46850}.Debug|x86.ActiveCfg = Debug|Any CPU
		{81269B35-C5D8-4C29-B9C2-638BF5C46850}.Debug|x86.Build.0 = Debug|Any CPU
		{81269B35-C5D8-4C29-B9C2-638BF5C46850}.Release|Any CPU.ActiveCfg = Release|Any CPU
		{81269B35-C5D8-4C29-B9C2-638BF5C46850}.Release|Any CPU.Build.0 = Release|Any CPU
		{81269B35-C5D8-4C29-B9C2-638BF5C46850}.Release|x64.ActiveCfg = Release|Any CPU
		{81269B35-C5D8-4C29-B9C2-638BF5C46850}.Release|x64.Build.0 = Release|Any CPU
		{81269B35-C5D8-4C29-B9C2-638BF5C46850}.Release|x86.ActiveCfg = Release|Any CPU
		{81269B35-C5D8-4C29-B9C2-638BF5C46850}.Release|x86.Build.0 = Release|Any CPU
		{521A82C8-2C80-42A7-BF83-8AED8C5AF63E}.Debug|Any CPU.ActiveCfg = Debug|Any CPU
		{521A82C8-2C80-42A7-BF83-8AED8C5AF63E}.Debug|Any CPU.Build.0 = Debug|Any CPU
		{521A82C8-2C80-42A7-BF83-8AED8C5AF63E}.Debug|x64.ActiveCfg = Debug|Any CPU
		{521A82C8-2C80-42A7-BF83-8AED8C5AF63E}.Debug|x64.Build.0 = Debug|Any CPU
		{521A82C8-2C80-42A7-BF83-8AED8C5AF63E}.Debug|x86.ActiveCfg = Debug|Any CPU
		{521A82C8-2C80-42A7-BF83-8AED8C5AF63E}.Debug|x86.Build.0 = Debug|Any CPU
		{521A82C8-2C80-42A7-BF83-8AED8C5AF63E}.Release|Any CPU.ActiveCfg = Release|Any CPU
		{521A82C8-2C80-42A7-BF83-8AED8C5AF63E}.Release|Any CPU.Build.0 = Release|Any CPU
		{521A82C8-2C80-42A7-BF83-8AED8C5AF63E}.Release|x64.ActiveCfg = Release|Any CPU
		{521A82C8-2C80-42A7-BF83-8AED8C5AF63E}.Release|x64.Build.0 = Release|Any CPU
		{521A82C8-2C80-42A7-BF83-8AED8C5AF63E}.Release|x86.ActiveCfg = Release|Any CPU
		{521A82C8-2C80-42A7-BF83-8AED8C5AF63E}.Release|x86.Build.0 = Release|Any CPU
		{B5CFEBFE-5314-4A8A-A91C-D2F575D0C7BD}.Debug|Any CPU.ActiveCfg = Debug|Any CPU
		{B5CFEBFE-5314-4A8A-A91C-D2F575D0C7BD}.Debug|Any CPU.Build.0 = Debug|Any CPU
		{B5CFEBFE-5314-4A8A-A91C-D2F575D0C7BD}.Debug|x64.ActiveCfg = Debug|Any CPU
		{B5CFEBFE-5314-4A8A-A91C-D2F575D0C7BD}.Debug|x64.Build.0 = Debug|Any CPU
		{B5CFEBFE-5314-4A8A-A91C-D2F575D0C7BD}.Debug|x86.ActiveCfg = Debug|Any CPU
		{B5CFEBFE-5314-4A8A-A91C-D2F575D0C7BD}.Debug|x86.Build.0 = Debug|Any CPU
		{B5CFEBFE-5314-4A8A-A91C-D2F575D0C7BD}.Release|Any CPU.ActiveCfg = Release|Any CPU
		{B5CFEBFE-5314-4A8A-A91C-D2F575D0C7BD}.Release|Any CPU.Build.0 = Release|Any CPU
		{B5CFEBFE-5314-4A8A-A91C-D2F575D0C7BD}.Release|x64.ActiveCfg = Release|Any CPU
		{B5CFEBFE-5314-4A8A-A91C-D2F575D0C7BD}.Release|x64.Build.0 = Release|Any CPU
		{B5CFEBFE-5314-4A8A-A91C-D2F575D0C7BD}.Release|x86.ActiveCfg = Release|Any CPU
		{B5CFEBFE-5314-4A8A-A91C-D2F575D0C7BD}.Release|x86.Build.0 = Release|Any CPU
		{3B8C280F-14AE-47B7-A2CE-15CD000264C5}.Debug|Any CPU.ActiveCfg = Debug|Any CPU
		{3B8C280F-14AE-47B7-A2CE-15CD000264C5}.Debug|Any CPU.Build.0 = Debug|Any CPU
		{3B8C280F-14AE-47B7-A2CE-15CD000264C5}.Debug|x64.ActiveCfg = Debug|Any CPU
		{3B8C280F-14AE-47B7-A2CE-15CD000264C5}.Debug|x64.Build.0 = Debug|Any CPU
		{3B8C280F-14AE-47B7-A2CE-15CD000264C5}.Debug|x86.ActiveCfg = Debug|Any CPU
		{3B8C280F-14AE-47B7-A2CE-15CD000264C5}.Debug|x86.Build.0 = Debug|Any CPU
		{3B8C280F-14AE-47B7-A2CE-15CD000264C5}.Release|Any CPU.ActiveCfg = Release|Any CPU
		{3B8C280F-14AE-47B7-A2CE-15CD000264C5}.Release|Any CPU.Build.0 = Release|Any CPU
		{3B8C280F-14AE-47B7-A2CE-15CD000264C5}.Release|x64.ActiveCfg = Release|Any CPU
		{3B8C280F-14AE-47B7-A2CE-15CD000264C5}.Release|x64.Build.0 = Release|Any CPU
		{3B8C280F-14AE-47B7-A2CE-15CD000264C5}.Release|x86.ActiveCfg = Release|Any CPU
		{3B8C280F-14AE-47B7-A2CE-15CD000264C5}.Release|x86.Build.0 = Release|Any CPU
		{9D737CEA-6058-4953-BB00-28BFEEA934BE}.Debug|Any CPU.ActiveCfg = Debug|Any CPU
		{9D737CEA-6058-4953-BB00-28BFEEA934BE}.Debug|Any CPU.Build.0 = Debug|Any CPU
		{9D737CEA-6058-4953-BB00-28BFEEA934BE}.Debug|x64.ActiveCfg = Debug|Any CPU
		{9D737CEA-6058-4953-BB00-28BFEEA934BE}.Debug|x64.Build.0 = Debug|Any CPU
		{9D737CEA-6058-4953-BB00-28BFEEA934BE}.Debug|x86.ActiveCfg = Debug|Any CPU
		{9D737CEA-6058-4953-BB00-28BFEEA934BE}.Debug|x86.Build.0 = Debug|Any CPU
		{9D737CEA-6058-4953-BB00-28BFEEA934BE}.Release|Any CPU.ActiveCfg = Release|Any CPU
		{9D737CEA-6058-4953-BB00-28BFEEA934BE}.Release|Any CPU.Build.0 = Release|Any CPU
		{9D737CEA-6058-4953-BB00-28BFEEA934BE}.Release|x64.ActiveCfg = Release|Any CPU
		{9D737CEA-6058-4953-BB00-28BFEEA934BE}.Release|x64.Build.0 = Release|Any CPU
		{9D737CEA-6058-4953-BB00-28BFEEA934BE}.Release|x86.ActiveCfg = Release|Any CPU
		{9D737CEA-6058-4953-BB00-28BFEEA934BE}.Release|x86.Build.0 = Release|Any CPU
		{72D3E480-A4C3-402B-8093-4F0D30E8F62F}.Debug|Any CPU.ActiveCfg = Debug|Any CPU
		{72D3E480-A4C3-402B-8093-4F0D30E8F62F}.Debug|Any CPU.Build.0 = Debug|Any CPU
		{72D3E480-A4C3-402B-8093-4F0D30E8F62F}.Debug|x64.ActiveCfg = Debug|Any CPU
		{72D3E480-A4C3-402B-8093-4F0D30E8F62F}.Debug|x64.Build.0 = Debug|Any CPU
		{72D3E480-A4C3-402B-8093-4F0D30E8F62F}.Debug|x86.ActiveCfg = Debug|Any CPU
		{72D3E480-A4C3-402B-8093-4F0D30E8F62F}.Debug|x86.Build.0 = Debug|Any CPU
		{72D3E480-A4C3-402B-8093-4F0D30E8F62F}.Release|Any CPU.ActiveCfg = Release|Any CPU
		{72D3E480-A4C3-402B-8093-4F0D30E8F62F}.Release|Any CPU.Build.0 = Release|Any CPU
		{72D3E480-A4C3-402B-8093-4F0D30E8F62F}.Release|x64.ActiveCfg = Release|Any CPU
		{72D3E480-A4C3-402B-8093-4F0D30E8F62F}.Release|x64.Build.0 = Release|Any CPU
		{72D3E480-A4C3-402B-8093-4F0D30E8F62F}.Release|x86.ActiveCfg = Release|Any CPU
		{72D3E480-A4C3-402B-8093-4F0D30E8F62F}.Release|x86.Build.0 = Release|Any CPU
		{C7DAD994-2D4A-444F-B43A-B50F35C7806D}.Debug|Any CPU.ActiveCfg = Debug|Any CPU
		{C7DAD994-2D4A-444F-B43A-B50F35C7806D}.Debug|Any CPU.Build.0 = Debug|Any CPU
		{C7DAD994-2D4A-444F-B43A-B50F35C7806D}.Debug|x64.ActiveCfg = Debug|Any CPU
		{C7DAD994-2D4A-444F-B43A-B50F35C7806D}.Debug|x64.Build.0 = Debug|Any CPU
		{C7DAD994-2D4A-444F-B43A-B50F35C7806D}.Debug|x86.ActiveCfg = Debug|Any CPU
		{C7DAD994-2D4A-444F-B43A-B50F35C7806D}.Debug|x86.Build.0 = Debug|Any CPU
		{C7DAD994-2D4A-444F-B43A-B50F35C7806D}.Release|Any CPU.ActiveCfg = Release|Any CPU
		{C7DAD994-2D4A-444F-B43A-B50F35C7806D}.Release|Any CPU.Build.0 = Release|Any CPU
		{C7DAD994-2D4A-444F-B43A-B50F35C7806D}.Release|x64.ActiveCfg = Release|Any CPU
		{C7DAD994-2D4A-444F-B43A-B50F35C7806D}.Release|x64.Build.0 = Release|Any CPU
		{C7DAD994-2D4A-444F-B43A-B50F35C7806D}.Release|x86.ActiveCfg = Release|Any CPU
		{C7DAD994-2D4A-444F-B43A-B50F35C7806D}.Release|x86.Build.0 = Release|Any CPU
		{66A96486-3136-477D-BE68-1E72BC134454}.Debug|Any CPU.ActiveCfg = Debug|Any CPU
		{66A96486-3136-477D-BE68-1E72BC134454}.Debug|Any CPU.Build.0 = Debug|Any CPU
		{66A96486-3136-477D-BE68-1E72BC134454}.Debug|x64.ActiveCfg = Debug|Any CPU
		{66A96486-3136-477D-BE68-1E72BC134454}.Debug|x64.Build.0 = Debug|Any CPU
		{66A96486-3136-477D-BE68-1E72BC134454}.Debug|x86.ActiveCfg = Debug|Any CPU
		{66A96486-3136-477D-BE68-1E72BC134454}.Debug|x86.Build.0 = Debug|Any CPU
		{66A96486-3136-477D-BE68-1E72BC134454}.Release|Any CPU.ActiveCfg = Release|Any CPU
		{66A96486-3136-477D-BE68-1E72BC134454}.Release|Any CPU.Build.0 = Release|Any CPU
		{66A96486-3136-477D-BE68-1E72BC134454}.Release|x64.ActiveCfg = Release|Any CPU
		{66A96486-3136-477D-BE68-1E72BC134454}.Release|x64.Build.0 = Release|Any CPU
		{66A96486-3136-477D-BE68-1E72BC134454}.Release|x86.ActiveCfg = Release|Any CPU
		{66A96486-3136-477D-BE68-1E72BC134454}.Release|x86.Build.0 = Release|Any CPU
		{9C61489D-0A9F-4699-BBE0-6DABEB0A2DB4}.Debug|Any CPU.ActiveCfg = Debug|Any CPU
		{9C61489D-0A9F-4699-BBE0-6DABEB0A2DB4}.Debug|Any CPU.Build.0 = Debug|Any CPU
		{9C61489D-0A9F-4699-BBE0-6DABEB0A2DB4}.Debug|x64.ActiveCfg = Debug|Any CPU
		{9C61489D-0A9F-4699-BBE0-6DABEB0A2DB4}.Debug|x64.Build.0 = Debug|Any CPU
		{9C61489D-0A9F-4699-BBE0-6DABEB0A2DB4}.Debug|x86.ActiveCfg = Debug|Any CPU
		{9C61489D-0A9F-4699-BBE0-6DABEB0A2DB4}.Debug|x86.Build.0 = Debug|Any CPU
		{9C61489D-0A9F-4699-BBE0-6DABEB0A2DB4}.Release|Any CPU.ActiveCfg = Release|Any CPU
		{9C61489D-0A9F-4699-BBE0-6DABEB0A2DB4}.Release|Any CPU.Build.0 = Release|Any CPU
		{9C61489D-0A9F-4699-BBE0-6DABEB0A2DB4}.Release|x64.ActiveCfg = Release|Any CPU
		{9C61489D-0A9F-4699-BBE0-6DABEB0A2DB4}.Release|x64.Build.0 = Release|Any CPU
		{9C61489D-0A9F-4699-BBE0-6DABEB0A2DB4}.Release|x86.ActiveCfg = Release|Any CPU
		{9C61489D-0A9F-4699-BBE0-6DABEB0A2DB4}.Release|x86.Build.0 = Release|Any CPU
		{3D8B6225-5B80-4464-A53F-829B390D30E2}.Debug|Any CPU.ActiveCfg = Debug|Any CPU
		{3D8B6225-5B80-4464-A53F-829B390D30E2}.Debug|Any CPU.Build.0 = Debug|Any CPU
		{3D8B6225-5B80-4464-A53F-829B390D30E2}.Debug|x64.ActiveCfg = Debug|Any CPU
		{3D8B6225-5B80-4464-A53F-829B390D30E2}.Debug|x64.Build.0 = Debug|Any CPU
		{3D8B6225-5B80-4464-A53F-829B390D30E2}.Debug|x86.ActiveCfg = Debug|Any CPU
		{3D8B6225-5B80-4464-A53F-829B390D30E2}.Debug|x86.Build.0 = Debug|Any CPU
		{3D8B6225-5B80-4464-A53F-829B390D30E2}.Release|Any CPU.ActiveCfg = Release|Any CPU
		{3D8B6225-5B80-4464-A53F-829B390D30E2}.Release|Any CPU.Build.0 = Release|Any CPU
		{3D8B6225-5B80-4464-A53F-829B390D30E2}.Release|x64.ActiveCfg = Release|Any CPU
		{3D8B6225-5B80-4464-A53F-829B390D30E2}.Release|x64.Build.0 = Release|Any CPU
		{3D8B6225-5B80-4464-A53F-829B390D30E2}.Release|x86.ActiveCfg = Release|Any CPU
		{3D8B6225-5B80-4464-A53F-829B390D30E2}.Release|x86.Build.0 = Release|Any CPU
		{1274A279-113C-4BCA-B590-5202F45DF399}.Debug|Any CPU.ActiveCfg = Debug|Any CPU
		{1274A279-113C-4BCA-B590-5202F45DF399}.Debug|Any CPU.Build.0 = Debug|Any CPU
		{1274A279-113C-4BCA-B590-5202F45DF399}.Debug|x64.ActiveCfg = Debug|Any CPU
		{1274A279-113C-4BCA-B590-5202F45DF399}.Debug|x64.Build.0 = Debug|Any CPU
		{1274A279-113C-4BCA-B590-5202F45DF399}.Debug|x86.ActiveCfg = Debug|Any CPU
		{1274A279-113C-4BCA-B590-5202F45DF399}.Debug|x86.Build.0 = Debug|Any CPU
		{1274A279-113C-4BCA-B590-5202F45DF399}.Release|Any CPU.ActiveCfg = Release|Any CPU
		{1274A279-113C-4BCA-B590-5202F45DF399}.Release|Any CPU.Build.0 = Release|Any CPU
		{1274A279-113C-4BCA-B590-5202F45DF399}.Release|x64.ActiveCfg = Release|Any CPU
		{1274A279-113C-4BCA-B590-5202F45DF399}.Release|x64.Build.0 = Release|Any CPU
		{1274A279-113C-4BCA-B590-5202F45DF399}.Release|x86.ActiveCfg = Release|Any CPU
		{1274A279-113C-4BCA-B590-5202F45DF399}.Release|x86.Build.0 = Release|Any CPU
		{EE10DE84-97B6-4E3E-922C-1990E281FDF5}.Debug|Any CPU.ActiveCfg = Debug|Any CPU
		{EE10DE84-97B6-4E3E-922C-1990E281FDF5}.Debug|Any CPU.Build.0 = Debug|Any CPU
		{EE10DE84-97B6-4E3E-922C-1990E281FDF5}.Debug|x64.ActiveCfg = Debug|Any CPU
		{EE10DE84-97B6-4E3E-922C-1990E281FDF5}.Debug|x64.Build.0 = Debug|Any CPU
		{EE10DE84-97B6-4E3E-922C-1990E281FDF5}.Debug|x86.ActiveCfg = Debug|Any CPU
		{EE10DE84-97B6-4E3E-922C-1990E281FDF5}.Debug|x86.Build.0 = Debug|Any CPU
		{EE10DE84-97B6-4E3E-922C-1990E281FDF5}.Release|Any CPU.ActiveCfg = Release|Any CPU
		{EE10DE84-97B6-4E3E-922C-1990E281FDF5}.Release|Any CPU.Build.0 = Release|Any CPU
		{EE10DE84-97B6-4E3E-922C-1990E281FDF5}.Release|x64.ActiveCfg = Release|Any CPU
		{EE10DE84-97B6-4E3E-922C-1990E281FDF5}.Release|x64.Build.0 = Release|Any CPU
		{EE10DE84-97B6-4E3E-922C-1990E281FDF5}.Release|x86.ActiveCfg = Release|Any CPU
		{EE10DE84-97B6-4E3E-922C-1990E281FDF5}.Release|x86.Build.0 = Release|Any CPU
		{1A9BB2BD-51BD-4DE5-961B-5DB452ED851E}.Debug|Any CPU.ActiveCfg = Debug|Any CPU
		{1A9BB2BD-51BD-4DE5-961B-5DB452ED851E}.Debug|Any CPU.Build.0 = Debug|Any CPU
		{1A9BB2BD-51BD-4DE5-961B-5DB452ED851E}.Debug|x64.ActiveCfg = Debug|Any CPU
		{1A9BB2BD-51BD-4DE5-961B-5DB452ED851E}.Debug|x64.Build.0 = Debug|Any CPU
		{1A9BB2BD-51BD-4DE5-961B-5DB452ED851E}.Debug|x86.ActiveCfg = Debug|Any CPU
		{1A9BB2BD-51BD-4DE5-961B-5DB452ED851E}.Debug|x86.Build.0 = Debug|Any CPU
		{1A9BB2BD-51BD-4DE5-961B-5DB452ED851E}.Release|Any CPU.ActiveCfg = Release|Any CPU
		{1A9BB2BD-51BD-4DE5-961B-5DB452ED851E}.Release|Any CPU.Build.0 = Release|Any CPU
		{1A9BB2BD-51BD-4DE5-961B-5DB452ED851E}.Release|x64.ActiveCfg = Release|Any CPU
		{1A9BB2BD-51BD-4DE5-961B-5DB452ED851E}.Release|x64.Build.0 = Release|Any CPU
		{1A9BB2BD-51BD-4DE5-961B-5DB452ED851E}.Release|x86.ActiveCfg = Release|Any CPU
		{1A9BB2BD-51BD-4DE5-961B-5DB452ED851E}.Release|x86.Build.0 = Release|Any CPU
		{5A4EC860-9099-4A0D-8D46-FB01B7287646}.Debug|Any CPU.ActiveCfg = Debug|Any CPU
		{5A4EC860-9099-4A0D-8D46-FB01B7287646}.Debug|Any CPU.Build.0 = Debug|Any CPU
		{5A4EC860-9099-4A0D-8D46-FB01B7287646}.Debug|x64.ActiveCfg = Debug|Any CPU
		{5A4EC860-9099-4A0D-8D46-FB01B7287646}.Debug|x64.Build.0 = Debug|Any CPU
		{5A4EC860-9099-4A0D-8D46-FB01B7287646}.Debug|x86.ActiveCfg = Debug|Any CPU
		{5A4EC860-9099-4A0D-8D46-FB01B7287646}.Debug|x86.Build.0 = Debug|Any CPU
		{5A4EC860-9099-4A0D-8D46-FB01B7287646}.Release|Any CPU.ActiveCfg = Release|Any CPU
		{5A4EC860-9099-4A0D-8D46-FB01B7287646}.Release|Any CPU.Build.0 = Release|Any CPU
		{5A4EC860-9099-4A0D-8D46-FB01B7287646}.Release|x64.ActiveCfg = Release|Any CPU
		{5A4EC860-9099-4A0D-8D46-FB01B7287646}.Release|x64.Build.0 = Release|Any CPU
		{5A4EC860-9099-4A0D-8D46-FB01B7287646}.Release|x86.ActiveCfg = Release|Any CPU
		{5A4EC860-9099-4A0D-8D46-FB01B7287646}.Release|x86.Build.0 = Release|Any CPU
		{11978108-53C5-49CA-B277-98EBA2F37B79}.Debug|Any CPU.ActiveCfg = Debug|Any CPU
		{11978108-53C5-49CA-B277-98EBA2F37B79}.Debug|Any CPU.Build.0 = Debug|Any CPU
		{11978108-53C5-49CA-B277-98EBA2F37B79}.Debug|x64.ActiveCfg = Debug|Any CPU
		{11978108-53C5-49CA-B277-98EBA2F37B79}.Debug|x64.Build.0 = Debug|Any CPU
		{11978108-53C5-49CA-B277-98EBA2F37B79}.Debug|x86.ActiveCfg = Debug|Any CPU
		{11978108-53C5-49CA-B277-98EBA2F37B79}.Debug|x86.Build.0 = Debug|Any CPU
		{11978108-53C5-49CA-B277-98EBA2F37B79}.Release|Any CPU.ActiveCfg = Release|Any CPU
		{11978108-53C5-49CA-B277-98EBA2F37B79}.Release|Any CPU.Build.0 = Release|Any CPU
		{11978108-53C5-49CA-B277-98EBA2F37B79}.Release|x64.ActiveCfg = Release|Any CPU
		{11978108-53C5-49CA-B277-98EBA2F37B79}.Release|x64.Build.0 = Release|Any CPU
		{11978108-53C5-49CA-B277-98EBA2F37B79}.Release|x86.ActiveCfg = Release|Any CPU
		{11978108-53C5-49CA-B277-98EBA2F37B79}.Release|x86.Build.0 = Release|Any CPU
		{AAB44264-424F-4D43-872A-3AE54227FB44}.Debug|Any CPU.ActiveCfg = Debug|Any CPU
		{AAB44264-424F-4D43-872A-3AE54227FB44}.Debug|Any CPU.Build.0 = Debug|Any CPU
		{AAB44264-424F-4D43-872A-3AE54227FB44}.Debug|x64.ActiveCfg = Debug|Any CPU
		{AAB44264-424F-4D43-872A-3AE54227FB44}.Debug|x64.Build.0 = Debug|Any CPU
		{AAB44264-424F-4D43-872A-3AE54227FB44}.Debug|x86.ActiveCfg = Debug|Any CPU
		{AAB44264-424F-4D43-872A-3AE54227FB44}.Debug|x86.Build.0 = Debug|Any CPU
		{AAB44264-424F-4D43-872A-3AE54227FB44}.Release|Any CPU.ActiveCfg = Release|Any CPU
		{AAB44264-424F-4D43-872A-3AE54227FB44}.Release|Any CPU.Build.0 = Release|Any CPU
		{AAB44264-424F-4D43-872A-3AE54227FB44}.Release|x64.ActiveCfg = Release|Any CPU
		{AAB44264-424F-4D43-872A-3AE54227FB44}.Release|x64.Build.0 = Release|Any CPU
		{AAB44264-424F-4D43-872A-3AE54227FB44}.Release|x86.ActiveCfg = Release|Any CPU
		{AAB44264-424F-4D43-872A-3AE54227FB44}.Release|x86.Build.0 = Release|Any CPU
		{1B41AE4F-19A0-4F0C-95C9-39442CBA0B2F}.Debug|Any CPU.ActiveCfg = Debug|Any CPU
		{1B41AE4F-19A0-4F0C-95C9-39442CBA0B2F}.Debug|Any CPU.Build.0 = Debug|Any CPU
		{1B41AE4F-19A0-4F0C-95C9-39442CBA0B2F}.Debug|x64.ActiveCfg = Debug|Any CPU
		{1B41AE4F-19A0-4F0C-95C9-39442CBA0B2F}.Debug|x64.Build.0 = Debug|Any CPU
		{1B41AE4F-19A0-4F0C-95C9-39442CBA0B2F}.Debug|x86.ActiveCfg = Debug|Any CPU
		{1B41AE4F-19A0-4F0C-95C9-39442CBA0B2F}.Debug|x86.Build.0 = Debug|Any CPU
		{1B41AE4F-19A0-4F0C-95C9-39442CBA0B2F}.Release|Any CPU.ActiveCfg = Release|Any CPU
		{1B41AE4F-19A0-4F0C-95C9-39442CBA0B2F}.Release|Any CPU.Build.0 = Release|Any CPU
		{1B41AE4F-19A0-4F0C-95C9-39442CBA0B2F}.Release|x64.ActiveCfg = Release|Any CPU
		{1B41AE4F-19A0-4F0C-95C9-39442CBA0B2F}.Release|x64.Build.0 = Release|Any CPU
		{1B41AE4F-19A0-4F0C-95C9-39442CBA0B2F}.Release|x86.ActiveCfg = Release|Any CPU
		{1B41AE4F-19A0-4F0C-95C9-39442CBA0B2F}.Release|x86.Build.0 = Release|Any CPU
		{5D56B05D-5559-4FDD-B42D-9A189C004ECC}.Debug|Any CPU.ActiveCfg = Debug|Any CPU
		{5D56B05D-5559-4FDD-B42D-9A189C004ECC}.Debug|Any CPU.Build.0 = Debug|Any CPU
		{5D56B05D-5559-4FDD-B42D-9A189C004ECC}.Debug|x64.ActiveCfg = Debug|Any CPU
		{5D56B05D-5559-4FDD-B42D-9A189C004ECC}.Debug|x64.Build.0 = Debug|Any CPU
		{5D56B05D-5559-4FDD-B42D-9A189C004ECC}.Debug|x86.ActiveCfg = Debug|Any CPU
		{5D56B05D-5559-4FDD-B42D-9A189C004ECC}.Debug|x86.Build.0 = Debug|Any CPU
		{5D56B05D-5559-4FDD-B42D-9A189C004ECC}.Release|Any CPU.ActiveCfg = Release|Any CPU
		{5D56B05D-5559-4FDD-B42D-9A189C004ECC}.Release|Any CPU.Build.0 = Release|Any CPU
		{5D56B05D-5559-4FDD-B42D-9A189C004ECC}.Release|x64.ActiveCfg = Release|Any CPU
		{5D56B05D-5559-4FDD-B42D-9A189C004ECC}.Release|x64.Build.0 = Release|Any CPU
		{5D56B05D-5559-4FDD-B42D-9A189C004ECC}.Release|x86.ActiveCfg = Release|Any CPU
		{5D56B05D-5559-4FDD-B42D-9A189C004ECC}.Release|x86.Build.0 = Release|Any CPU
		{181DC372-1018-40E7-BD4A-276935A13746}.Debug|Any CPU.ActiveCfg = Debug|Any CPU
		{181DC372-1018-40E7-BD4A-276935A13746}.Debug|Any CPU.Build.0 = Debug|Any CPU
		{181DC372-1018-40E7-BD4A-276935A13746}.Debug|x64.ActiveCfg = Debug|Any CPU
		{181DC372-1018-40E7-BD4A-276935A13746}.Debug|x64.Build.0 = Debug|Any CPU
		{181DC372-1018-40E7-BD4A-276935A13746}.Debug|x86.ActiveCfg = Debug|Any CPU
		{181DC372-1018-40E7-BD4A-276935A13746}.Debug|x86.Build.0 = Debug|Any CPU
		{181DC372-1018-40E7-BD4A-276935A13746}.Release|Any CPU.ActiveCfg = Release|Any CPU
		{181DC372-1018-40E7-BD4A-276935A13746}.Release|Any CPU.Build.0 = Release|Any CPU
		{181DC372-1018-40E7-BD4A-276935A13746}.Release|x64.ActiveCfg = Release|Any CPU
		{181DC372-1018-40E7-BD4A-276935A13746}.Release|x64.Build.0 = Release|Any CPU
		{181DC372-1018-40E7-BD4A-276935A13746}.Release|x86.ActiveCfg = Release|Any CPU
		{181DC372-1018-40E7-BD4A-276935A13746}.Release|x86.Build.0 = Release|Any CPU
		{FC15956E-7EE0-438A-8108-88F3CCF9A7EB}.Debug|Any CPU.ActiveCfg = Debug|Any CPU
		{FC15956E-7EE0-438A-8108-88F3CCF9A7EB}.Debug|Any CPU.Build.0 = Debug|Any CPU
		{FC15956E-7EE0-438A-8108-88F3CCF9A7EB}.Debug|x64.ActiveCfg = Debug|Any CPU
		{FC15956E-7EE0-438A-8108-88F3CCF9A7EB}.Debug|x64.Build.0 = Debug|Any CPU
		{FC15956E-7EE0-438A-8108-88F3CCF9A7EB}.Debug|x86.ActiveCfg = Debug|Any CPU
		{FC15956E-7EE0-438A-8108-88F3CCF9A7EB}.Debug|x86.Build.0 = Debug|Any CPU
		{FC15956E-7EE0-438A-8108-88F3CCF9A7EB}.Release|Any CPU.ActiveCfg = Release|Any CPU
		{FC15956E-7EE0-438A-8108-88F3CCF9A7EB}.Release|Any CPU.Build.0 = Release|Any CPU
		{FC15956E-7EE0-438A-8108-88F3CCF9A7EB}.Release|x64.ActiveCfg = Release|Any CPU
		{FC15956E-7EE0-438A-8108-88F3CCF9A7EB}.Release|x64.Build.0 = Release|Any CPU
		{FC15956E-7EE0-438A-8108-88F3CCF9A7EB}.Release|x86.ActiveCfg = Release|Any CPU
		{FC15956E-7EE0-438A-8108-88F3CCF9A7EB}.Release|x86.Build.0 = Release|Any CPU
		{22C4BB06-5C3A-4974-8C88-DD5D15B7B1EB}.Debug|Any CPU.ActiveCfg = Debug|Any CPU
		{22C4BB06-5C3A-4974-8C88-DD5D15B7B1EB}.Debug|Any CPU.Build.0 = Debug|Any CPU
		{22C4BB06-5C3A-4974-8C88-DD5D15B7B1EB}.Debug|x64.ActiveCfg = Debug|Any CPU
		{22C4BB06-5C3A-4974-8C88-DD5D15B7B1EB}.Debug|x64.Build.0 = Debug|Any CPU
		{22C4BB06-5C3A-4974-8C88-DD5D15B7B1EB}.Debug|x86.ActiveCfg = Debug|Any CPU
		{22C4BB06-5C3A-4974-8C88-DD5D15B7B1EB}.Debug|x86.Build.0 = Debug|Any CPU
		{22C4BB06-5C3A-4974-8C88-DD5D15B7B1EB}.Release|Any CPU.ActiveCfg = Release|Any CPU
		{22C4BB06-5C3A-4974-8C88-DD5D15B7B1EB}.Release|Any CPU.Build.0 = Release|Any CPU
		{22C4BB06-5C3A-4974-8C88-DD5D15B7B1EB}.Release|x64.ActiveCfg = Release|Any CPU
		{22C4BB06-5C3A-4974-8C88-DD5D15B7B1EB}.Release|x64.Build.0 = Release|Any CPU
		{22C4BB06-5C3A-4974-8C88-DD5D15B7B1EB}.Release|x86.ActiveCfg = Release|Any CPU
		{22C4BB06-5C3A-4974-8C88-DD5D15B7B1EB}.Release|x86.Build.0 = Release|Any CPU
		{FE240037-813A-47D3-86FF-69C79208F4C8}.Debug|Any CPU.ActiveCfg = Debug|Any CPU
		{FE240037-813A-47D3-86FF-69C79208F4C8}.Debug|Any CPU.Build.0 = Debug|Any CPU
		{FE240037-813A-47D3-86FF-69C79208F4C8}.Debug|x64.ActiveCfg = Debug|Any CPU
		{FE240037-813A-47D3-86FF-69C79208F4C8}.Debug|x64.Build.0 = Debug|Any CPU
		{FE240037-813A-47D3-86FF-69C79208F4C8}.Debug|x86.ActiveCfg = Debug|Any CPU
		{FE240037-813A-47D3-86FF-69C79208F4C8}.Debug|x86.Build.0 = Debug|Any CPU
		{FE240037-813A-47D3-86FF-69C79208F4C8}.Release|Any CPU.ActiveCfg = Release|Any CPU
		{FE240037-813A-47D3-86FF-69C79208F4C8}.Release|Any CPU.Build.0 = Release|Any CPU
		{FE240037-813A-47D3-86FF-69C79208F4C8}.Release|x64.ActiveCfg = Release|Any CPU
		{FE240037-813A-47D3-86FF-69C79208F4C8}.Release|x64.Build.0 = Release|Any CPU
		{FE240037-813A-47D3-86FF-69C79208F4C8}.Release|x86.ActiveCfg = Release|Any CPU
		{FE240037-813A-47D3-86FF-69C79208F4C8}.Release|x86.Build.0 = Release|Any CPU
		{16959E5E-36CF-4451-8A1B-BB87770AF311}.Debug|Any CPU.ActiveCfg = Debug|Any CPU
		{16959E5E-36CF-4451-8A1B-BB87770AF311}.Debug|Any CPU.Build.0 = Debug|Any CPU
		{16959E5E-36CF-4451-8A1B-BB87770AF311}.Debug|x64.ActiveCfg = Debug|Any CPU
		{16959E5E-36CF-4451-8A1B-BB87770AF311}.Debug|x64.Build.0 = Debug|Any CPU
		{16959E5E-36CF-4451-8A1B-BB87770AF311}.Debug|x86.ActiveCfg = Debug|Any CPU
		{16959E5E-36CF-4451-8A1B-BB87770AF311}.Debug|x86.Build.0 = Debug|Any CPU
		{16959E5E-36CF-4451-8A1B-BB87770AF311}.Release|Any CPU.ActiveCfg = Release|Any CPU
		{16959E5E-36CF-4451-8A1B-BB87770AF311}.Release|Any CPU.Build.0 = Release|Any CPU
		{16959E5E-36CF-4451-8A1B-BB87770AF311}.Release|x64.ActiveCfg = Release|Any CPU
		{16959E5E-36CF-4451-8A1B-BB87770AF311}.Release|x64.Build.0 = Release|Any CPU
		{16959E5E-36CF-4451-8A1B-BB87770AF311}.Release|x86.ActiveCfg = Release|Any CPU
		{16959E5E-36CF-4451-8A1B-BB87770AF311}.Release|x86.Build.0 = Release|Any CPU
		{B0CD4DD3-0BEA-40BE-8BA1-9AD959B04C32}.Debug|Any CPU.ActiveCfg = Debug|Any CPU
		{B0CD4DD3-0BEA-40BE-8BA1-9AD959B04C32}.Debug|Any CPU.Build.0 = Debug|Any CPU
		{B0CD4DD3-0BEA-40BE-8BA1-9AD959B04C32}.Debug|x64.ActiveCfg = Debug|Any CPU
		{B0CD4DD3-0BEA-40BE-8BA1-9AD959B04C32}.Debug|x64.Build.0 = Debug|Any CPU
		{B0CD4DD3-0BEA-40BE-8BA1-9AD959B04C32}.Debug|x86.ActiveCfg = Debug|Any CPU
		{B0CD4DD3-0BEA-40BE-8BA1-9AD959B04C32}.Debug|x86.Build.0 = Debug|Any CPU
		{B0CD4DD3-0BEA-40BE-8BA1-9AD959B04C32}.Release|Any CPU.ActiveCfg = Release|Any CPU
		{B0CD4DD3-0BEA-40BE-8BA1-9AD959B04C32}.Release|Any CPU.Build.0 = Release|Any CPU
		{B0CD4DD3-0BEA-40BE-8BA1-9AD959B04C32}.Release|x64.ActiveCfg = Release|Any CPU
		{B0CD4DD3-0BEA-40BE-8BA1-9AD959B04C32}.Release|x64.Build.0 = Release|Any CPU
		{B0CD4DD3-0BEA-40BE-8BA1-9AD959B04C32}.Release|x86.ActiveCfg = Release|Any CPU
		{B0CD4DD3-0BEA-40BE-8BA1-9AD959B04C32}.Release|x86.Build.0 = Release|Any CPU
		{D34BA7BF-99A3-4085-A232-33D8C92B0603}.Debug|Any CPU.ActiveCfg = Debug|Any CPU
		{D34BA7BF-99A3-4085-A232-33D8C92B0603}.Debug|Any CPU.Build.0 = Debug|Any CPU
		{D34BA7BF-99A3-4085-A232-33D8C92B0603}.Debug|x64.ActiveCfg = Debug|Any CPU
		{D34BA7BF-99A3-4085-A232-33D8C92B0603}.Debug|x64.Build.0 = Debug|Any CPU
		{D34BA7BF-99A3-4085-A232-33D8C92B0603}.Debug|x86.ActiveCfg = Debug|Any CPU
		{D34BA7BF-99A3-4085-A232-33D8C92B0603}.Debug|x86.Build.0 = Debug|Any CPU
		{D34BA7BF-99A3-4085-A232-33D8C92B0603}.Release|Any CPU.ActiveCfg = Release|Any CPU
		{D34BA7BF-99A3-4085-A232-33D8C92B0603}.Release|Any CPU.Build.0 = Release|Any CPU
		{D34BA7BF-99A3-4085-A232-33D8C92B0603}.Release|x64.ActiveCfg = Release|Any CPU
		{D34BA7BF-99A3-4085-A232-33D8C92B0603}.Release|x64.Build.0 = Release|Any CPU
		{D34BA7BF-99A3-4085-A232-33D8C92B0603}.Release|x86.ActiveCfg = Release|Any CPU
		{D34BA7BF-99A3-4085-A232-33D8C92B0603}.Release|x86.Build.0 = Release|Any CPU
		{417134D9-B65F-4F06-9FFE-4A194E323AF6}.Debug|Any CPU.ActiveCfg = Debug|Any CPU
		{417134D9-B65F-4F06-9FFE-4A194E323AF6}.Debug|Any CPU.Build.0 = Debug|Any CPU
		{417134D9-B65F-4F06-9FFE-4A194E323AF6}.Debug|x64.ActiveCfg = Debug|Any CPU
		{417134D9-B65F-4F06-9FFE-4A194E323AF6}.Debug|x64.Build.0 = Debug|Any CPU
		{417134D9-B65F-4F06-9FFE-4A194E323AF6}.Debug|x86.ActiveCfg = Debug|Any CPU
		{417134D9-B65F-4F06-9FFE-4A194E323AF6}.Debug|x86.Build.0 = Debug|Any CPU
		{417134D9-B65F-4F06-9FFE-4A194E323AF6}.Release|Any CPU.ActiveCfg = Release|Any CPU
		{417134D9-B65F-4F06-9FFE-4A194E323AF6}.Release|Any CPU.Build.0 = Release|Any CPU
		{417134D9-B65F-4F06-9FFE-4A194E323AF6}.Release|x64.ActiveCfg = Release|Any CPU
		{417134D9-B65F-4F06-9FFE-4A194E323AF6}.Release|x64.Build.0 = Release|Any CPU
		{417134D9-B65F-4F06-9FFE-4A194E323AF6}.Release|x86.ActiveCfg = Release|Any CPU
		{417134D9-B65F-4F06-9FFE-4A194E323AF6}.Release|x86.Build.0 = Release|Any CPU
		{55FBCF32-EA54-4370-BDCC-B5AF7A00A301}.Debug|Any CPU.ActiveCfg = Debug|Any CPU
		{55FBCF32-EA54-4370-BDCC-B5AF7A00A301}.Debug|Any CPU.Build.0 = Debug|Any CPU
		{55FBCF32-EA54-4370-BDCC-B5AF7A00A301}.Debug|x64.ActiveCfg = Debug|Any CPU
		{55FBCF32-EA54-4370-BDCC-B5AF7A00A301}.Debug|x64.Build.0 = Debug|Any CPU
		{55FBCF32-EA54-4370-BDCC-B5AF7A00A301}.Debug|x86.ActiveCfg = Debug|Any CPU
		{55FBCF32-EA54-4370-BDCC-B5AF7A00A301}.Debug|x86.Build.0 = Debug|Any CPU
		{55FBCF32-EA54-4370-BDCC-B5AF7A00A301}.Release|Any CPU.ActiveCfg = Release|Any CPU
		{55FBCF32-EA54-4370-BDCC-B5AF7A00A301}.Release|Any CPU.Build.0 = Release|Any CPU
		{55FBCF32-EA54-4370-BDCC-B5AF7A00A301}.Release|x64.ActiveCfg = Release|Any CPU
		{55FBCF32-EA54-4370-BDCC-B5AF7A00A301}.Release|x64.Build.0 = Release|Any CPU
		{55FBCF32-EA54-4370-BDCC-B5AF7A00A301}.Release|x86.ActiveCfg = Release|Any CPU
		{55FBCF32-EA54-4370-BDCC-B5AF7A00A301}.Release|x86.Build.0 = Release|Any CPU
		{25D79F17-5F1D-4682-95FB-D3E16A883FFF}.Debug|Any CPU.ActiveCfg = Debug|Any CPU
		{25D79F17-5F1D-4682-95FB-D3E16A883FFF}.Debug|Any CPU.Build.0 = Debug|Any CPU
		{25D79F17-5F1D-4682-95FB-D3E16A883FFF}.Debug|x64.ActiveCfg = Debug|Any CPU
		{25D79F17-5F1D-4682-95FB-D3E16A883FFF}.Debug|x64.Build.0 = Debug|Any CPU
		{25D79F17-5F1D-4682-95FB-D3E16A883FFF}.Debug|x86.ActiveCfg = Debug|Any CPU
		{25D79F17-5F1D-4682-95FB-D3E16A883FFF}.Debug|x86.Build.0 = Debug|Any CPU
		{25D79F17-5F1D-4682-95FB-D3E16A883FFF}.Release|Any CPU.ActiveCfg = Release|Any CPU
		{25D79F17-5F1D-4682-95FB-D3E16A883FFF}.Release|Any CPU.Build.0 = Release|Any CPU
		{25D79F17-5F1D-4682-95FB-D3E16A883FFF}.Release|x64.ActiveCfg = Release|Any CPU
		{25D79F17-5F1D-4682-95FB-D3E16A883FFF}.Release|x64.Build.0 = Release|Any CPU
		{25D79F17-5F1D-4682-95FB-D3E16A883FFF}.Release|x86.ActiveCfg = Release|Any CPU
		{25D79F17-5F1D-4682-95FB-D3E16A883FFF}.Release|x86.Build.0 = Release|Any CPU
		{D73CE166-7662-48A3-9A53-D7B613652E82}.Debug|Any CPU.ActiveCfg = Debug|Any CPU
		{D73CE166-7662-48A3-9A53-D7B613652E82}.Debug|Any CPU.Build.0 = Debug|Any CPU
		{D73CE166-7662-48A3-9A53-D7B613652E82}.Debug|x64.ActiveCfg = Debug|Any CPU
		{D73CE166-7662-48A3-9A53-D7B613652E82}.Debug|x64.Build.0 = Debug|Any CPU
		{D73CE166-7662-48A3-9A53-D7B613652E82}.Debug|x86.ActiveCfg = Debug|Any CPU
		{D73CE166-7662-48A3-9A53-D7B613652E82}.Debug|x86.Build.0 = Debug|Any CPU
		{D73CE166-7662-48A3-9A53-D7B613652E82}.Release|Any CPU.ActiveCfg = Release|Any CPU
		{D73CE166-7662-48A3-9A53-D7B613652E82}.Release|Any CPU.Build.0 = Release|Any CPU
		{D73CE166-7662-48A3-9A53-D7B613652E82}.Release|x64.ActiveCfg = Release|Any CPU
		{D73CE166-7662-48A3-9A53-D7B613652E82}.Release|x64.Build.0 = Release|Any CPU
		{D73CE166-7662-48A3-9A53-D7B613652E82}.Release|x86.ActiveCfg = Release|Any CPU
		{D73CE166-7662-48A3-9A53-D7B613652E82}.Release|x86.Build.0 = Release|Any CPU
		{7833E9A9-A0A1-4E00-ADCC-2BC320C86D28}.Debug|Any CPU.ActiveCfg = Debug|Any CPU
		{7833E9A9-A0A1-4E00-ADCC-2BC320C86D28}.Debug|Any CPU.Build.0 = Debug|Any CPU
		{7833E9A9-A0A1-4E00-ADCC-2BC320C86D28}.Debug|x64.ActiveCfg = Debug|Any CPU
		{7833E9A9-A0A1-4E00-ADCC-2BC320C86D28}.Debug|x64.Build.0 = Debug|Any CPU
		{7833E9A9-A0A1-4E00-ADCC-2BC320C86D28}.Debug|x86.ActiveCfg = Debug|Any CPU
		{7833E9A9-A0A1-4E00-ADCC-2BC320C86D28}.Debug|x86.Build.0 = Debug|Any CPU
		{7833E9A9-A0A1-4E00-ADCC-2BC320C86D28}.Release|Any CPU.ActiveCfg = Release|Any CPU
		{7833E9A9-A0A1-4E00-ADCC-2BC320C86D28}.Release|Any CPU.Build.0 = Release|Any CPU
		{7833E9A9-A0A1-4E00-ADCC-2BC320C86D28}.Release|x64.ActiveCfg = Release|Any CPU
		{7833E9A9-A0A1-4E00-ADCC-2BC320C86D28}.Release|x64.Build.0 = Release|Any CPU
		{7833E9A9-A0A1-4E00-ADCC-2BC320C86D28}.Release|x86.ActiveCfg = Release|Any CPU
		{7833E9A9-A0A1-4E00-ADCC-2BC320C86D28}.Release|x86.Build.0 = Release|Any CPU
		{568019A0-7EE5-4997-AE62-6A491E0439CD}.Debug|Any CPU.ActiveCfg = Debug|Any CPU
		{568019A0-7EE5-4997-AE62-6A491E0439CD}.Debug|Any CPU.Build.0 = Debug|Any CPU
		{568019A0-7EE5-4997-AE62-6A491E0439CD}.Debug|x64.ActiveCfg = Debug|Any CPU
		{568019A0-7EE5-4997-AE62-6A491E0439CD}.Debug|x64.Build.0 = Debug|Any CPU
		{568019A0-7EE5-4997-AE62-6A491E0439CD}.Debug|x86.ActiveCfg = Debug|Any CPU
		{568019A0-7EE5-4997-AE62-6A491E0439CD}.Debug|x86.Build.0 = Debug|Any CPU
		{568019A0-7EE5-4997-AE62-6A491E0439CD}.Release|Any CPU.ActiveCfg = Release|Any CPU
		{568019A0-7EE5-4997-AE62-6A491E0439CD}.Release|Any CPU.Build.0 = Release|Any CPU
		{568019A0-7EE5-4997-AE62-6A491E0439CD}.Release|x64.ActiveCfg = Release|Any CPU
		{568019A0-7EE5-4997-AE62-6A491E0439CD}.Release|x64.Build.0 = Release|Any CPU
		{568019A0-7EE5-4997-AE62-6A491E0439CD}.Release|x86.ActiveCfg = Release|Any CPU
		{568019A0-7EE5-4997-AE62-6A491E0439CD}.Release|x86.Build.0 = Release|Any CPU
		{4545AE6F-45BF-4F52-AC52-BD45B9A4A648}.Debug|Any CPU.ActiveCfg = Debug|Any CPU
		{4545AE6F-45BF-4F52-AC52-BD45B9A4A648}.Debug|Any CPU.Build.0 = Debug|Any CPU
		{4545AE6F-45BF-4F52-AC52-BD45B9A4A648}.Debug|x64.ActiveCfg = Debug|Any CPU
		{4545AE6F-45BF-4F52-AC52-BD45B9A4A648}.Debug|x64.Build.0 = Debug|Any CPU
		{4545AE6F-45BF-4F52-AC52-BD45B9A4A648}.Debug|x86.ActiveCfg = Debug|Any CPU
		{4545AE6F-45BF-4F52-AC52-BD45B9A4A648}.Debug|x86.Build.0 = Debug|Any CPU
		{4545AE6F-45BF-4F52-AC52-BD45B9A4A648}.Release|Any CPU.ActiveCfg = Release|Any CPU
		{4545AE6F-45BF-4F52-AC52-BD45B9A4A648}.Release|Any CPU.Build.0 = Release|Any CPU
		{4545AE6F-45BF-4F52-AC52-BD45B9A4A648}.Release|x64.ActiveCfg = Release|Any CPU
		{4545AE6F-45BF-4F52-AC52-BD45B9A4A648}.Release|x64.Build.0 = Release|Any CPU
		{4545AE6F-45BF-4F52-AC52-BD45B9A4A648}.Release|x86.ActiveCfg = Release|Any CPU
		{4545AE6F-45BF-4F52-AC52-BD45B9A4A648}.Release|x86.Build.0 = Release|Any CPU
		{F83A3CC4-869B-424B-9C3D-8CF22078D2FA}.Debug|Any CPU.ActiveCfg = Debug|Any CPU
		{F83A3CC4-869B-424B-9C3D-8CF22078D2FA}.Debug|Any CPU.Build.0 = Debug|Any CPU
		{F83A3CC4-869B-424B-9C3D-8CF22078D2FA}.Debug|x64.ActiveCfg = Debug|Any CPU
		{F83A3CC4-869B-424B-9C3D-8CF22078D2FA}.Debug|x64.Build.0 = Debug|Any CPU
		{F83A3CC4-869B-424B-9C3D-8CF22078D2FA}.Debug|x86.ActiveCfg = Debug|Any CPU
		{F83A3CC4-869B-424B-9C3D-8CF22078D2FA}.Debug|x86.Build.0 = Debug|Any CPU
		{F83A3CC4-869B-424B-9C3D-8CF22078D2FA}.Release|Any CPU.ActiveCfg = Release|Any CPU
		{F83A3CC4-869B-424B-9C3D-8CF22078D2FA}.Release|Any CPU.Build.0 = Release|Any CPU
		{F83A3CC4-869B-424B-9C3D-8CF22078D2FA}.Release|x64.ActiveCfg = Release|Any CPU
		{F83A3CC4-869B-424B-9C3D-8CF22078D2FA}.Release|x64.Build.0 = Release|Any CPU
		{F83A3CC4-869B-424B-9C3D-8CF22078D2FA}.Release|x86.ActiveCfg = Release|Any CPU
		{F83A3CC4-869B-424B-9C3D-8CF22078D2FA}.Release|x86.Build.0 = Release|Any CPU
		{7EC25700-1752-48C1-B17C-3FEF759A3458}.Debug|Any CPU.ActiveCfg = Debug|Any CPU
		{7EC25700-1752-48C1-B17C-3FEF759A3458}.Debug|Any CPU.Build.0 = Debug|Any CPU
		{7EC25700-1752-48C1-B17C-3FEF759A3458}.Debug|x64.ActiveCfg = Debug|Any CPU
		{7EC25700-1752-48C1-B17C-3FEF759A3458}.Debug|x64.Build.0 = Debug|Any CPU
		{7EC25700-1752-48C1-B17C-3FEF759A3458}.Debug|x86.ActiveCfg = Debug|Any CPU
		{7EC25700-1752-48C1-B17C-3FEF759A3458}.Debug|x86.Build.0 = Debug|Any CPU
		{7EC25700-1752-48C1-B17C-3FEF759A3458}.Release|Any CPU.ActiveCfg = Release|Any CPU
		{7EC25700-1752-48C1-B17C-3FEF759A3458}.Release|Any CPU.Build.0 = Release|Any CPU
		{7EC25700-1752-48C1-B17C-3FEF759A3458}.Release|x64.ActiveCfg = Release|Any CPU
		{7EC25700-1752-48C1-B17C-3FEF759A3458}.Release|x64.Build.0 = Release|Any CPU
		{7EC25700-1752-48C1-B17C-3FEF759A3458}.Release|x86.ActiveCfg = Release|Any CPU
		{7EC25700-1752-48C1-B17C-3FEF759A3458}.Release|x86.Build.0 = Release|Any CPU
		{FDBBB645-5CCD-4B84-A6BB-4CB7B78071C5}.Debug|Any CPU.ActiveCfg = Debug|Any CPU
		{FDBBB645-5CCD-4B84-A6BB-4CB7B78071C5}.Debug|Any CPU.Build.0 = Debug|Any CPU
		{FDBBB645-5CCD-4B84-A6BB-4CB7B78071C5}.Debug|x64.ActiveCfg = Debug|Any CPU
		{FDBBB645-5CCD-4B84-A6BB-4CB7B78071C5}.Debug|x64.Build.0 = Debug|Any CPU
		{FDBBB645-5CCD-4B84-A6BB-4CB7B78071C5}.Debug|x86.ActiveCfg = Debug|Any CPU
		{FDBBB645-5CCD-4B84-A6BB-4CB7B78071C5}.Debug|x86.Build.0 = Debug|Any CPU
		{FDBBB645-5CCD-4B84-A6BB-4CB7B78071C5}.Release|Any CPU.ActiveCfg = Release|Any CPU
		{FDBBB645-5CCD-4B84-A6BB-4CB7B78071C5}.Release|Any CPU.Build.0 = Release|Any CPU
		{FDBBB645-5CCD-4B84-A6BB-4CB7B78071C5}.Release|x64.ActiveCfg = Release|Any CPU
		{FDBBB645-5CCD-4B84-A6BB-4CB7B78071C5}.Release|x64.Build.0 = Release|Any CPU
		{FDBBB645-5CCD-4B84-A6BB-4CB7B78071C5}.Release|x86.ActiveCfg = Release|Any CPU
		{FDBBB645-5CCD-4B84-A6BB-4CB7B78071C5}.Release|x86.Build.0 = Release|Any CPU
		{4BFFAC91-1F35-4C50-83E0-73C5F8BDD401}.Debug|Any CPU.ActiveCfg = Debug|Any CPU
		{4BFFAC91-1F35-4C50-83E0-73C5F8BDD401}.Debug|Any CPU.Build.0 = Debug|Any CPU
		{4BFFAC91-1F35-4C50-83E0-73C5F8BDD401}.Debug|x64.ActiveCfg = Debug|Any CPU
		{4BFFAC91-1F35-4C50-83E0-73C5F8BDD401}.Debug|x64.Build.0 = Debug|Any CPU
		{4BFFAC91-1F35-4C50-83E0-73C5F8BDD401}.Debug|x86.ActiveCfg = Debug|Any CPU
		{4BFFAC91-1F35-4C50-83E0-73C5F8BDD401}.Debug|x86.Build.0 = Debug|Any CPU
		{4BFFAC91-1F35-4C50-83E0-73C5F8BDD401}.Release|Any CPU.ActiveCfg = Release|Any CPU
		{4BFFAC91-1F35-4C50-83E0-73C5F8BDD401}.Release|Any CPU.Build.0 = Release|Any CPU
		{4BFFAC91-1F35-4C50-83E0-73C5F8BDD401}.Release|x64.ActiveCfg = Release|Any CPU
		{4BFFAC91-1F35-4C50-83E0-73C5F8BDD401}.Release|x64.Build.0 = Release|Any CPU
		{4BFFAC91-1F35-4C50-83E0-73C5F8BDD401}.Release|x86.ActiveCfg = Release|Any CPU
		{4BFFAC91-1F35-4C50-83E0-73C5F8BDD401}.Release|x86.Build.0 = Release|Any CPU
		{49D1571E-46BE-416D-A76C-724F5F9EC270}.Debug|Any CPU.ActiveCfg = Debug|Any CPU
		{49D1571E-46BE-416D-A76C-724F5F9EC270}.Debug|Any CPU.Build.0 = Debug|Any CPU
		{49D1571E-46BE-416D-A76C-724F5F9EC270}.Debug|x64.ActiveCfg = Debug|Any CPU
		{49D1571E-46BE-416D-A76C-724F5F9EC270}.Debug|x64.Build.0 = Debug|Any CPU
		{49D1571E-46BE-416D-A76C-724F5F9EC270}.Debug|x86.ActiveCfg = Debug|Any CPU
		{49D1571E-46BE-416D-A76C-724F5F9EC270}.Debug|x86.Build.0 = Debug|Any CPU
		{49D1571E-46BE-416D-A76C-724F5F9EC270}.Release|Any CPU.ActiveCfg = Release|Any CPU
		{49D1571E-46BE-416D-A76C-724F5F9EC270}.Release|Any CPU.Build.0 = Release|Any CPU
		{49D1571E-46BE-416D-A76C-724F5F9EC270}.Release|x64.ActiveCfg = Release|Any CPU
		{49D1571E-46BE-416D-A76C-724F5F9EC270}.Release|x64.Build.0 = Release|Any CPU
		{49D1571E-46BE-416D-A76C-724F5F9EC270}.Release|x86.ActiveCfg = Release|Any CPU
		{49D1571E-46BE-416D-A76C-724F5F9EC270}.Release|x86.Build.0 = Release|Any CPU
		{DB587681-2C79-44D0-ACEB-E93F79A3EE70}.Debug|Any CPU.ActiveCfg = Debug|Any CPU
		{DB587681-2C79-44D0-ACEB-E93F79A3EE70}.Debug|Any CPU.Build.0 = Debug|Any CPU
		{DB587681-2C79-44D0-ACEB-E93F79A3EE70}.Debug|x64.ActiveCfg = Debug|Any CPU
		{DB587681-2C79-44D0-ACEB-E93F79A3EE70}.Debug|x64.Build.0 = Debug|Any CPU
		{DB587681-2C79-44D0-ACEB-E93F79A3EE70}.Debug|x86.ActiveCfg = Debug|Any CPU
		{DB587681-2C79-44D0-ACEB-E93F79A3EE70}.Debug|x86.Build.0 = Debug|Any CPU
		{DB587681-2C79-44D0-ACEB-E93F79A3EE70}.Release|Any CPU.ActiveCfg = Release|Any CPU
		{DB587681-2C79-44D0-ACEB-E93F79A3EE70}.Release|Any CPU.Build.0 = Release|Any CPU
		{DB587681-2C79-44D0-ACEB-E93F79A3EE70}.Release|x64.ActiveCfg = Release|Any CPU
		{DB587681-2C79-44D0-ACEB-E93F79A3EE70}.Release|x64.Build.0 = Release|Any CPU
		{DB587681-2C79-44D0-ACEB-E93F79A3EE70}.Release|x86.ActiveCfg = Release|Any CPU
		{DB587681-2C79-44D0-ACEB-E93F79A3EE70}.Release|x86.Build.0 = Release|Any CPU
		{C9F6394A-E108-4293-849F-8B1655F1D8D8}.Debug|Any CPU.ActiveCfg = Debug|Any CPU
		{C9F6394A-E108-4293-849F-8B1655F1D8D8}.Debug|Any CPU.Build.0 = Debug|Any CPU
		{C9F6394A-E108-4293-849F-8B1655F1D8D8}.Debug|x64.ActiveCfg = Debug|Any CPU
		{C9F6394A-E108-4293-849F-8B1655F1D8D8}.Debug|x64.Build.0 = Debug|Any CPU
		{C9F6394A-E108-4293-849F-8B1655F1D8D8}.Debug|x86.ActiveCfg = Debug|Any CPU
		{C9F6394A-E108-4293-849F-8B1655F1D8D8}.Debug|x86.Build.0 = Debug|Any CPU
		{C9F6394A-E108-4293-849F-8B1655F1D8D8}.Release|Any CPU.ActiveCfg = Release|Any CPU
		{C9F6394A-E108-4293-849F-8B1655F1D8D8}.Release|Any CPU.Build.0 = Release|Any CPU
		{C9F6394A-E108-4293-849F-8B1655F1D8D8}.Release|x64.ActiveCfg = Release|Any CPU
		{C9F6394A-E108-4293-849F-8B1655F1D8D8}.Release|x64.Build.0 = Release|Any CPU
		{C9F6394A-E108-4293-849F-8B1655F1D8D8}.Release|x86.ActiveCfg = Release|Any CPU
		{C9F6394A-E108-4293-849F-8B1655F1D8D8}.Release|x86.Build.0 = Release|Any CPU
	EndGlobalSection
	GlobalSection(SolutionProperties) = preSolution
		HideSolutionNode = FALSE
	EndGlobalSection
	GlobalSection(NestedProjects) = preSolution
		{10ECFE51-85FD-4225-A5AB-076A459D572C} = {B77C826C-BC5F-4B47-8899-A44889785D0B}
		{CA637FB0-BAD8-4891-8BD9-7371246A11EF} = {B77C826C-BC5F-4B47-8899-A44889785D0B}
		{2F50B033-785F-4F47-AA36-C5C4BDE2C39E} = {B77C826C-BC5F-4B47-8899-A44889785D0B}
		{C28993B0-3889-43B4-9695-CDC16BB5CBAC} = {245AEE66-020D-483A-9C02-5F524769B97B}
		{B9D8BBFC-8BF1-4CDE-B731-E9CE07C9D5BF} = {245AEE66-020D-483A-9C02-5F524769B97B}
		{38602C94-1EF1-4708-BADA-1DDC1E02702A} = {245AEE66-020D-483A-9C02-5F524769B97B}
		{AFC8EEFB-FC83-4E3C-BC11-10FCAF0620A7} = {245AEE66-020D-483A-9C02-5F524769B97B}
		{3B7F5A16-597D-4FA3-A5E7-5CCB43EA9E2E} = {3FBAD0EF-D247-4251-BD60-EEA6A38CBD89}
		{09C2A77C-940E-4265-8231-4B47272453E6} = {3FBAD0EF-D247-4251-BD60-EEA6A38CBD89}
		{5E087190-F2DA-4E8C-9332-7CBD67536836} = {3FBAD0EF-D247-4251-BD60-EEA6A38CBD89}
		{C1800A2C-BC23-4BBA-B8EA-53B645AC0688} = {C8B24BD2-4C6E-424F-BB5A-FC164E92A1D7}
		{C04A11AC-0001-4A01-9C01-0000000000C1} = {245AEE66-020D-483A-9C02-5F524769B97B}
		{C04A11AC-0002-4A02-9C02-0000000000C2} = {C04A11AC-0003-4A03-9C03-0000000000C3}
		{C04A11AC-0003-4A03-9C03-0000000000C3} = {A6B7E5F8-5C09-4380-9BE5-4C255422716D}
		{245AEE66-020D-483A-9C02-5F524769B97B} = {A6B7E5F8-5C09-4380-9BE5-4C255422716D}
		{3FBAD0EF-D247-4251-BD60-EEA6A38CBD89} = {245AEE66-020D-483A-9C02-5F524769B97B}
		{9E2FB47E-26EC-8624-FF13-F0881FC2FE3C} = {A6B7E5F8-5C09-4380-9BE5-4C255422716D}
		{B91DF5A0-E977-4BCF-9EDD-7B6932ABF18B} = {9E2FB47E-26EC-8624-FF13-F0881FC2FE3C}
		{688FA0A3-5FD2-52A6-9588-117DBBAF7CBC} = {B77C826C-BC5F-4B47-8899-A44889785D0B}
		{380412A6-4260-4436-9EB5-E8C6025AA16E} = {688FA0A3-5FD2-52A6-9588-117DBBAF7CBC}
		{5005ABAB-B799-46E8-A7F8-F4C3D059D1E8} = {9E2FB47E-26EC-8624-FF13-F0881FC2FE3C}
		{4D89CEFD-6FB9-48BC-90D3-CCDAD17F1C53} = {9E2FB47E-26EC-8624-FF13-F0881FC2FE3C}
		{BC11C470-EACE-458D-9789-CBABC22BBBF1} = {9E2FB47E-26EC-8624-FF13-F0881FC2FE3C}
		{EF8992D6-D09C-4E90-8165-5290BB89979B} = {9E2FB47E-26EC-8624-FF13-F0881FC2FE3C}
		{F2CE8842-EB88-2782-2365-55BE2D0DC163} = {B77C826C-BC5F-4B47-8899-A44889785D0B}
		{9A84FC13-43AD-4852-AFDE-E6DB4C19E7ED} = {F2CE8842-EB88-2782-2365-55BE2D0DC163}
		{E249B015-2E6B-DCD0-C5B2-47361B88C2B1} = {B77C826C-BC5F-4B47-8899-A44889785D0B}
		{81269B35-C5D8-4C29-B9C2-638BF5C46850} = {E249B015-2E6B-DCD0-C5B2-47361B88C2B1}
		{C87A9C75-A332-D2D7-7F4F-26AE44D1B572} = {9E2FB47E-26EC-8624-FF13-F0881FC2FE3C}
		{521A82C8-2C80-42A7-BF83-8AED8C5AF63E} = {C87A9C75-A332-D2D7-7F4F-26AE44D1B572}
		{B5CFEBFE-5314-4A8A-A91C-D2F575D0C7BD} = {C8B24BD2-4C6E-424F-BB5A-FC164E92A1D7}
		{3B8C280F-14AE-47B7-A2CE-15CD000264C5} = {76D871E0-283A-4737-354D-38A062579225}
		{9D737CEA-6058-4953-BB00-28BFEEA934BE} = {76D871E0-283A-4737-354D-38A062579225}
		{72D3E480-A4C3-402B-8093-4F0D30E8F62F} = {76D871E0-283A-4737-354D-38A062579225}
		{C7DAD994-2D4A-444F-B43A-B50F35C7806D} = {76D871E0-283A-4737-354D-38A062579225}
		{66A96486-3136-477D-BE68-1E72BC134454} = {76D871E0-283A-4737-354D-38A062579225}
		{9C61489D-0A9F-4699-BBE0-6DABEB0A2DB4} = {76D871E0-283A-4737-354D-38A062579225}
		{3D8B6225-5B80-4464-A53F-829B390D30E2} = {001030D5-D6B5-5AEA-DA6C-D4A6D8BE5548}
		{1274A279-113C-4BCA-B590-5202F45DF399} = {001030D5-D6B5-5AEA-DA6C-D4A6D8BE5548}
		{EE10DE84-97B6-4E3E-922C-1990E281FDF5} = {001030D5-D6B5-5AEA-DA6C-D4A6D8BE5548}
		{1A9BB2BD-51BD-4DE5-961B-5DB452ED851E} = {001030D5-D6B5-5AEA-DA6C-D4A6D8BE5548}
		{5A4EC860-9099-4A0D-8D46-FB01B7287646} = {001030D5-D6B5-5AEA-DA6C-D4A6D8BE5548}
		{11978108-53C5-49CA-B277-98EBA2F37B79} = {001030D5-D6B5-5AEA-DA6C-D4A6D8BE5548}
		{AAB44264-424F-4D43-872A-3AE54227FB44} = {B77C826C-BC5F-4B47-8899-A44889785D0B}
		{1B41AE4F-19A0-4F0C-95C9-39442CBA0B2F} = {08363F22-23A7-70B7-557A-C076A2D48378}
		{5D56B05D-5559-4FDD-B42D-9A189C004ECC} = {08363F22-23A7-70B7-557A-C076A2D48378}
		{181DC372-1018-40E7-BD4A-276935A13746} = {08363F22-23A7-70B7-557A-C076A2D48378}
		{FC15956E-7EE0-438A-8108-88F3CCF9A7EB} = {08363F22-23A7-70B7-557A-C076A2D48378}
		{22C4BB06-5C3A-4974-8C88-DD5D15B7B1EB} = {08363F22-23A7-70B7-557A-C076A2D48378}
		{FE240037-813A-47D3-86FF-69C79208F4C8} = {08363F22-23A7-70B7-557A-C076A2D48378}
		{D300D90F-6B67-DEC4-E217-DEB9D70596CE} = {A6B7E5F8-5C09-4380-9BE5-4C255422716D}
		{F7EA77D3-F32D-0878-B62A-DD506E2BF6D0} = {D300D90F-6B67-DEC4-E217-DEB9D70596CE}
		{16959E5E-36CF-4451-8A1B-BB87770AF311} = {F7EA77D3-F32D-0878-B62A-DD506E2BF6D0}
		{EAF07039-FF7F-8B92-28C7-91051BA8AA22} = {B77C826C-BC5F-4B47-8899-A44889785D0B}
		{B0CD4DD3-0BEA-40BE-8BA1-9AD959B04C32} = {EAF07039-FF7F-8B92-28C7-91051BA8AA22}
		{82370E8C-A84F-33D3-09D7-BB1645F5A7A6} = {A6B7E5F8-5C09-4380-9BE5-4C255422716D}
		{737B9AF4-BDB9-4465-39B2-B6236AF319F8} = {82370E8C-A84F-33D3-09D7-BB1645F5A7A6}
		{D34BA7BF-99A3-4085-A232-33D8C92B0603} = {737B9AF4-BDB9-4465-39B2-B6236AF319F8}
		{9764A08C-0875-A86F-FFC8-2BA84D1BDAA1} = {B77C826C-BC5F-4B47-8899-A44889785D0B}
		{417134D9-B65F-4F06-9FFE-4A194E323AF6} = {9764A08C-0875-A86F-FFC8-2BA84D1BDAA1}
		{8C6FFAA0-C636-A722-C8B2-BD8EC67D2BA7} = {B77C826C-BC5F-4B47-8899-A44889785D0B}
		{55FBCF32-EA54-4370-BDCC-B5AF7A00A301} = {8C6FFAA0-C636-A722-C8B2-BD8EC67D2BA7}
		{850EE8C8-D084-3049-E869-F525E6845146} = {8C6FFAA0-C636-A722-C8B2-BD8EC67D2BA7}
		{25D79F17-5F1D-4682-95FB-D3E16A883FFF} = {850EE8C8-D084-3049-E869-F525E6845146}
		{9A13E4EC-C763-7EE2-9D5B-68E08DC05B10} = {B77C826C-BC5F-4B47-8899-A44889785D0B}
		{D73CE166-7662-48A3-9A53-D7B613652E82} = {9A13E4EC-C763-7EE2-9D5B-68E08DC05B10}
		{DEC87ABC-52EE-91B3-DC8F-D9094DA7277B} = {9A13E4EC-C763-7EE2-9D5B-68E08DC05B10}
		{7833E9A9-A0A1-4E00-ADCC-2BC320C86D28} = {DEC87ABC-52EE-91B3-DC8F-D9094DA7277B}
		{6E120C41-7410-E77E-9FA9-7AE044BC7D1E} = {B77C826C-BC5F-4B47-8899-A44889785D0B}
		{568019A0-7EE5-4997-AE62-6A491E0439CD} = {6E120C41-7410-E77E-9FA9-7AE044BC7D1E}
		{7E49A164-D245-41A0-67D9-9CA0CC94ECBD} = {6E120C41-7410-E77E-9FA9-7AE044BC7D1E}
		{4545AE6F-45BF-4F52-AC52-BD45B9A4A648} = {7E49A164-D245-41A0-67D9-9CA0CC94ECBD}
		{F83A3CC4-869B-424B-9C3D-8CF22078D2FA} = {7E49A164-D245-41A0-67D9-9CA0CC94ECBD}
		{F253AEEF-8F73-6754-54EB-55E8F6609CF2} = {A6B7E5F8-5C09-4380-9BE5-4C255422716D}
		{7EC25700-1752-48C1-B17C-3FEF759A3458} = {F253AEEF-8F73-6754-54EB-55E8F6609CF2}
		{FDBBB645-5CCD-4B84-A6BB-4CB7B78071C5} = {F253AEEF-8F73-6754-54EB-55E8F6609CF2}
		{4BFFAC91-1F35-4C50-83E0-73C5F8BDD401} = {F253AEEF-8F73-6754-54EB-55E8F6609CF2}
		{49D1571E-46BE-416D-A76C-724F5F9EC270} = {F253AEEF-8F73-6754-54EB-55E8F6609CF2}
		{836C3BD1-A250-F3EC-2017-76416DFFA20F} = {B77C826C-BC5F-4B47-8899-A44889785D0B}
		{30AA7934-C448-D8CA-ED67-06DC3D075FFF} = {F253AEEF-8F73-6754-54EB-55E8F6609CF2}
		{DB587681-2C79-44D0-ACEB-E93F79A3EE70} = {30AA7934-C448-D8CA-ED67-06DC3D075FFF}
		{C9F6394A-E108-4293-849F-8B1655F1D8D8} = {30AA7934-C448-D8CA-ED67-06DC3D075FFF}
	EndGlobalSection
EndGlobal
